// !$*UTF8*$!
{
	archiveVersion = 1;
	classes = {
	};
	objectVersion = 51;
	objects = {

/* Begin PBXBuildFile section */
		6560B41223332EFF00F53D26 /* otpViewController.swift in Sources */ = {isa = PBXBuildFile; fileRef = 6560B41123332EFF00F53D26 /* otpViewController.swift */; };
		6560B4152333F4CC00F53D26 /* mobileOtpViewController.swift in Sources */ = {isa = PBXBuildFile; fileRef = 6560B4142333F4CC00F53D26 /* mobileOtpViewController.swift */; };
		6580BEB8232D380500B6C621 /* registerViewController.swift in Sources */ = {isa = PBXBuildFile; fileRef = 6580BEB7232D380500B6C621 /* registerViewController.swift */; };
		6586072317A820DD7F72C621 /* Pods_SNP_TW16.framework in Frameworks */ = {isa = PBXBuildFile; fileRef = C583B26937BC0D763C2E1701 /* Pods_SNP_TW16.framework */; };
		659EB1BB232CEF6D00BF433B /* AppDelegate.swift in Sources */ = {isa = PBXBuildFile; fileRef = 659EB1BA232CEF6D00BF433B /* AppDelegate.swift */; };
		659EB1BD232CEF6D00BF433B /* homeViewController.swift in Sources */ = {isa = PBXBuildFile; fileRef = 659EB1BC232CEF6D00BF433B /* homeViewController.swift */; };
		659EB1C2232CEF6E00BF433B /* Assets.xcassets in Resources */ = {isa = PBXBuildFile; fileRef = 659EB1C1232CEF6E00BF433B /* Assets.xcassets */; };
		659EB1C5232CEF6E00BF433B /* LaunchScreen.storyboard in Resources */ = {isa = PBXBuildFile; fileRef = 659EB1C3232CEF6E00BF433B /* LaunchScreen.storyboard */; };
		659EB1CD232CF05E00BF433B /* Extensions.swift in Sources */ = {isa = PBXBuildFile; fileRef = 659EB1CC232CF05E00BF433B /* Extensions.swift */; };
		659EB1D4232CF06500BF433B /* Poppins-Light.ttf in Resources */ = {isa = PBXBuildFile; fileRef = 659EB1CF232CF06500BF433B /* Poppins-Light.ttf */; };
		659EB1D5232CF06500BF433B /* Poppins-Medium.ttf in Resources */ = {isa = PBXBuildFile; fileRef = 659EB1D0232CF06500BF433B /* Poppins-Medium.ttf */; };
		659EB1D6232CF06500BF433B /* Poppins-Regular.ttf in Resources */ = {isa = PBXBuildFile; fileRef = 659EB1D1232CF06500BF433B /* Poppins-Regular.ttf */; };
		659EB1D7232CF06500BF433B /* Poppins-Bold.ttf in Resources */ = {isa = PBXBuildFile; fileRef = 659EB1D2232CF06500BF433B /* Poppins-Bold.ttf */; };
		659EB1D8232CF06500BF433B /* Poppins-MediumItalic.ttf in Resources */ = {isa = PBXBuildFile; fileRef = 659EB1D3232CF06500BF433B /* Poppins-MediumItalic.ttf */; };
/* End PBXBuildFile section */

/* Begin PBXFileReference section */
		6560B41123332EFF00F53D26 /* otpViewController.swift */ = {isa = PBXFileReference; lastKnownFileType = sourcecode.swift; path = otpViewController.swift; sourceTree = "<group>"; };
		6560B4142333F4CC00F53D26 /* mobileOtpViewController.swift */ = {isa = PBXFileReference; lastKnownFileType = sourcecode.swift; path = mobileOtpViewController.swift; sourceTree = "<group>"; };
		6580BEB7232D380500B6C621 /* registerViewController.swift */ = {isa = PBXFileReference; lastKnownFileType = sourcecode.swift; path = registerViewController.swift; sourceTree = "<group>"; };
		659EB1B7232CEF6D00BF433B /* SNP_TW16.app */ = {isa = PBXFileReference; explicitFileType = wrapper.application; includeInIndex = 0; path = SNP_TW16.app; sourceTree = BUILT_PRODUCTS_DIR; };
		659EB1BA232CEF6D00BF433B /* AppDelegate.swift */ = {isa = PBXFileReference; lastKnownFileType = sourcecode.swift; path = AppDelegate.swift; sourceTree = "<group>"; };
		659EB1BC232CEF6D00BF433B /* homeViewController.swift */ = {isa = PBXFileReference; lastKnownFileType = sourcecode.swift; path = homeViewController.swift; sourceTree = "<group>"; };
		659EB1C1232CEF6E00BF433B /* Assets.xcassets */ = {isa = PBXFileReference; lastKnownFileType = folder.assetcatalog; path = Assets.xcassets; sourceTree = "<group>"; };
		659EB1C4232CEF6E00BF433B /* Base */ = {isa = PBXFileReference; lastKnownFileType = file.storyboard; name = Base; path = Base.lproj/LaunchScreen.storyboard; sourceTree = "<group>"; };
		659EB1C6232CEF6E00BF433B /* Info.plist */ = {isa = PBXFileReference; lastKnownFileType = text.plist.xml; path = Info.plist; sourceTree = "<group>"; };
		659EB1CC232CF05E00BF433B /* Extensions.swift */ = {isa = PBXFileReference; fileEncoding = 4; lastKnownFileType = sourcecode.swift; path = Extensions.swift; sourceTree = "<group>"; };
		659EB1CF232CF06500BF433B /* Poppins-Light.ttf */ = {isa = PBXFileReference; lastKnownFileType = file; path = "Poppins-Light.ttf"; sourceTree = "<group>"; };
		659EB1D0232CF06500BF433B /* Poppins-Medium.ttf */ = {isa = PBXFileReference; lastKnownFileType = file; path = "Poppins-Medium.ttf"; sourceTree = "<group>"; };
		659EB1D1232CF06500BF433B /* Poppins-Regular.ttf */ = {isa = PBXFileReference; lastKnownFileType = file; path = "Poppins-Regular.ttf"; sourceTree = "<group>"; };
		659EB1D2232CF06500BF433B /* Poppins-Bold.ttf */ = {isa = PBXFileReference; lastKnownFileType = file; path = "Poppins-Bold.ttf"; sourceTree = "<group>"; };
		659EB1D3232CF06500BF433B /* Poppins-MediumItalic.ttf */ = {isa = PBXFileReference; lastKnownFileType = file; path = "Poppins-MediumItalic.ttf"; sourceTree = "<group>"; };
		7E14348BFF8DCA154FE2B768 /* Pods-SNP_TW16.release.xcconfig */ = {isa = PBXFileReference; includeInIndex = 1; lastKnownFileType = text.xcconfig; name = "Pods-SNP_TW16.release.xcconfig"; path = "Target Support Files/Pods-SNP_TW16/Pods-SNP_TW16.release.xcconfig"; sourceTree = "<group>"; };
		8B2AEEA6278EF2A74B847780 /* Pods-SNP_TW16.debug.xcconfig */ = {isa = PBXFileReference; includeInIndex = 1; lastKnownFileType = text.xcconfig; name = "Pods-SNP_TW16.debug.xcconfig"; path = "Target Support Files/Pods-SNP_TW16/Pods-SNP_TW16.debug.xcconfig"; sourceTree = "<group>"; };
		C583B26937BC0D763C2E1701 /* Pods_SNP_TW16.framework */ = {isa = PBXFileReference; explicitFileType = wrapper.framework; includeInIndex = 0; path = Pods_SNP_TW16.framework; sourceTree = BUILT_PRODUCTS_DIR; };
/* End PBXFileReference section */

/* Begin PBXFrameworksBuildPhase section */
		659EB1B4232CEF6D00BF433B /* Frameworks */ = {
			isa = PBXFrameworksBuildPhase;
			buildActionMask = 2147483647;
			files = (
				6586072317A820DD7F72C621 /* Pods_SNP_TW16.framework in Frameworks */,
			);
			runOnlyForDeploymentPostprocessing = 0;
		};
/* End PBXFrameworksBuildPhase section */

/* Begin PBXGroup section */
		2B5DE3338565FEDA70D2F475 /* Pods */ = {
			isa = PBXGroup;
			children = (
				8B2AEEA6278EF2A74B847780 /* Pods-SNP_TW16.debug.xcconfig */,
				7E14348BFF8DCA154FE2B768 /* Pods-SNP_TW16.release.xcconfig */,
			);
			path = Pods;
			sourceTree = "<group>";
		};
		428ED3EFA9E5FB4E0C4188E5 /* Frameworks */ = {
			isa = PBXGroup;
			children = (
				C583B26937BC0D763C2E1701 /* Pods_SNP_TW16.framework */,
			);
			name = Frameworks;
			sourceTree = "<group>";
		};
		659EB1AE232CEF6D00BF433B = {
			isa = PBXGroup;
			children = (
				659EB1B9232CEF6D00BF433B /* SNP_TW16 */,
				659EB1B8232CEF6D00BF433B /* Products */,
				2B5DE3338565FEDA70D2F475 /* Pods */,
				428ED3EFA9E5FB4E0C4188E5 /* Frameworks */,
			);
			sourceTree = "<group>";
		};
		659EB1B8232CEF6D00BF433B /* Products */ = {
			isa = PBXGroup;
			children = (
				659EB1B7232CEF6D00BF433B /* SNP_TW16.app */,
			);
			name = Products;
			sourceTree = "<group>";
		};
		659EB1B9232CEF6D00BF433B /* SNP_TW16 */ = {
			isa = PBXGroup;
			children = (
				659EB1CE232CF06500BF433B /* Fonts */,
				659EB1BA232CEF6D00BF433B /* AppDelegate.swift */,
				659EB1BC232CEF6D00BF433B /* homeViewController.swift */,
				6560B4142333F4CC00F53D26 /* mobileOtpViewController.swift */,
				6560B41123332EFF00F53D26 /* otpViewController.swift */,
				6580BEB7232D380500B6C621 /* registerViewController.swift */,
				659EB1C1232CEF6E00BF433B /* Assets.xcassets */,
				659EB1C3232CEF6E00BF433B /* LaunchScreen.storyboard */,
				659EB1C6232CEF6E00BF433B /* Info.plist */,
				659EB1CC232CF05E00BF433B /* Extensions.swift */,
			);
			path = SNP_TW16;
			sourceTree = "<group>";
		};
		659EB1CE232CF06500BF433B /* Fonts */ = {
			isa = PBXGroup;
			children = (
				659EB1CF232CF06500BF433B /* Poppins-Light.ttf */,
				659EB1D0232CF06500BF433B /* Poppins-Medium.ttf */,
				659EB1D1232CF06500BF433B /* Poppins-Regular.ttf */,
				659EB1D2232CF06500BF433B /* Poppins-Bold.ttf */,
				659EB1D3232CF06500BF433B /* Poppins-MediumItalic.ttf */,
			);
			path = Fonts;
			sourceTree = "<group>";
		};
/* End PBXGroup section */

/* Begin PBXNativeTarget section */
		659EB1B6232CEF6D00BF433B /* SNP_TW16 */ = {
			isa = PBXNativeTarget;
			buildConfigurationList = 659EB1C9232CEF6E00BF433B /* Build configuration list for PBXNativeTarget "SNP_TW16" */;
			buildPhases = (
				AC88F1330D2AF8BFAF63CB95 /* [CP] Check Pods Manifest.lock */,
				659EB1B3232CEF6D00BF433B /* Sources */,
				659EB1B4232CEF6D00BF433B /* Frameworks */,
				659EB1B5232CEF6D00BF433B /* Resources */,
				C85C8C3DFCDBB5863D4A1268 /* [CP] Embed Pods Frameworks */,
			);
			buildRules = (
			);
			dependencies = (
			);
			name = SNP_TW16;
			productName = SNP_TW16;
			productReference = 659EB1B7232CEF6D00BF433B /* SNP_TW16.app */;
			productType = "com.apple.product-type.application";
		};
/* End PBXNativeTarget section */

/* Begin PBXProject section */
		659EB1AF232CEF6D00BF433B /* Project object */ = {
			isa = PBXProject;
			attributes = {
				LastSwiftUpdateCheck = 1030;
				LastUpgradeCheck = 1030;
				ORGANIZATIONNAME = guide;
				TargetAttributes = {
					659EB1B6232CEF6D00BF433B = {
						CreatedOnToolsVersion = 10.3;
					};
				};
			};
			buildConfigurationList = 659EB1B2232CEF6D00BF433B /* Build configuration list for PBXProject "SNP_TW16" */;
			compatibilityVersion = "Xcode 9.3";
			developmentRegion = en;
			hasScannedForEncodings = 0;
			knownRegions = (
				en,
				Base,
			);
			mainGroup = 659EB1AE232CEF6D00BF433B;
			productRefGroup = 659EB1B8232CEF6D00BF433B /* Products */;
			projectDirPath = "";
			projectRoot = "";
			targets = (
				659EB1B6232CEF6D00BF433B /* SNP_TW16 */,
			);
		};
/* End PBXProject section */

/* Begin PBXResourcesBuildPhase section */
		659EB1B5232CEF6D00BF433B /* Resources */ = {
			isa = PBXResourcesBuildPhase;
			buildActionMask = 2147483647;
			files = (
				659EB1C5232CEF6E00BF433B /* LaunchScreen.storyboard in Resources */,
				659EB1D7232CF06500BF433B /* Poppins-Bold.ttf in Resources */,
				659EB1D5232CF06500BF433B /* Poppins-Medium.ttf in Resources */,
				659EB1D4232CF06500BF433B /* Poppins-Light.ttf in Resources */,
				659EB1C2232CEF6E00BF433B /* Assets.xcassets in Resources */,
				659EB1D8232CF06500BF433B /* Poppins-MediumItalic.ttf in Resources */,
				659EB1D6232CF06500BF433B /* Poppins-Regular.ttf in Resources */,
			);
			runOnlyForDeploymentPostprocessing = 0;
		};
/* End PBXResourcesBuildPhase section */

/* Begin PBXShellScriptBuildPhase section */
		AC88F1330D2AF8BFAF63CB95 /* [CP] Check Pods Manifest.lock */ = {
			isa = PBXShellScriptBuildPhase;
			buildActionMask = 2147483647;
			files = (
			);
			inputFileListPaths = (
			);
			inputPaths = (
				"${PODS_PODFILE_DIR_PATH}/Podfile.lock",
				"${PODS_ROOT}/Manifest.lock",
			);
			name = "[CP] Check Pods Manifest.lock";
			outputFileListPaths = (
			);
			outputPaths = (
				"$(DERIVED_FILE_DIR)/Pods-SNP_TW16-checkManifestLockResult.txt",
			);
			runOnlyForDeploymentPostprocessing = 0;
			shellPath = /bin/sh;
			shellScript = "diff \"${PODS_PODFILE_DIR_PATH}/Podfile.lock\" \"${PODS_ROOT}/Manifest.lock\" > /dev/null\nif [ $? != 0 ] ; then\n    # print error to STDERR\n    echo \"error: The sandbox is not in sync with the Podfile.lock. Run 'pod install' or update your CocoaPods installation.\" >&2\n    exit 1\nfi\n# This output is used by Xcode 'outputs' to avoid re-running this script phase.\necho \"SUCCESS\" > \"${SCRIPT_OUTPUT_FILE_0}\"\n";
			showEnvVarsInLog = 0;
		};
		C85C8C3DFCDBB5863D4A1268 /* [CP] Embed Pods Frameworks */ = {
			isa = PBXShellScriptBuildPhase;
			buildActionMask = 2147483647;
			files = (
			);
			inputFileListPaths = (
				"${PODS_ROOT}/Target Support Files/Pods-SNP_TW16/Pods-SNP_TW16-frameworks-${CONFIGURATION}-input-files.xcfilelist",
			);
			name = "[CP] Embed Pods Frameworks";
			outputFileListPaths = (
				"${PODS_ROOT}/Target Support Files/Pods-SNP_TW16/Pods-SNP_TW16-frameworks-${CONFIGURATION}-output-files.xcfilelist",
			);
			runOnlyForDeploymentPostprocessing = 0;
			shellPath = /bin/sh;
			shellScript = "\"${PODS_ROOT}/Target Support Files/Pods-SNP_TW16/Pods-SNP_TW16-frameworks.sh\"\n";
			showEnvVarsInLog = 0;
		};
/* End PBXShellScriptBuildPhase section */

/* Begin PBXSourcesBuildPhase section */
		659EB1B3232CEF6D00BF433B /* Sources */ = {
			isa = PBXSourcesBuildPhase;
			buildActionMask = 2147483647;
			files = (
				659EB1BD232CEF6D00BF433B /* homeViewController.swift in Sources */,
				659EB1CD232CF05E00BF433B /* Extensions.swift in Sources */,
				6560B4152333F4CC00F53D26 /* mobileOtpViewController.swift in Sources */,
				659EB1BB232CEF6D00BF433B /* AppDelegate.swift in Sources */,
				6560B41223332EFF00F53D26 /* otpViewController.swift in Sources */,
				6580BEB8232D380500B6C621 /* registerViewController.swift in Sources */,
			);
			runOnlyForDeploymentPostprocessing = 0;
		};
/* End PBXSourcesBuildPhase section */

/* Begin PBXVariantGroup section */
		659EB1C3232CEF6E00BF433B /* LaunchScreen.storyboard */ = {
			isa = PBXVariantGroup;
			children = (
				659EB1C4232CEF6E00BF433B /* Base */,
			);
			name = LaunchScreen.storyboard;
			sourceTree = "<group>";
		};
/* End PBXVariantGroup section */

/* Begin XCBuildConfiguration section */
		659EB1C7232CEF6E00BF433B /* Debug */ = {
			isa = XCBuildConfiguration;
			buildSettings = {
				ALWAYS_SEARCH_USER_PATHS = NO;
				CLANG_ANALYZER_NONNULL = YES;
				CLANG_ANALYZER_NUMBER_OBJECT_CONVERSION = YES_AGGRESSIVE;
				CLANG_CXX_LANGUAGE_STANDARD = "gnu++14";
				CLANG_CXX_LIBRARY = "libc++";
				CLANG_ENABLE_MODULES = YES;
				CLANG_ENABLE_OBJC_ARC = YES;
				CLANG_ENABLE_OBJC_WEAK = YES;
				CLANG_WARN_BLOCK_CAPTURE_AUTORELEASING = YES;
				CLANG_WARN_BOOL_CONVERSION = YES;
				CLANG_WARN_COMMA = YES;
				CLANG_WARN_CONSTANT_CONVERSION = YES;
				CLANG_WARN_DEPRECATED_OBJC_IMPLEMENTATIONS = YES;
				CLANG_WARN_DIRECT_OBJC_ISA_USAGE = YES_ERROR;
				CLANG_WARN_DOCUMENTATION_COMMENTS = YES;
				CLANG_WARN_EMPTY_BODY = YES;
				CLANG_WARN_ENUM_CONVERSION = YES;
				CLANG_WARN_INFINITE_RECURSION = YES;
				CLANG_WARN_INT_CONVERSION = YES;
				CLANG_WARN_NON_LITERAL_NULL_CONVERSION = YES;
				CLANG_WARN_OBJC_IMPLICIT_RETAIN_SELF = YES;
				CLANG_WARN_OBJC_LITERAL_CONVERSION = YES;
				CLANG_WARN_OBJC_ROOT_CLASS = YES_ERROR;
				CLANG_WARN_RANGE_LOOP_ANALYSIS = YES;
				CLANG_WARN_STRICT_PROTOTYPES = YES;
				CLANG_WARN_SUSPICIOUS_MOVE = YES;
				CLANG_WARN_UNGUARDED_AVAILABILITY = YES_AGGRESSIVE;
				CLANG_WARN_UNREACHABLE_CODE = YES;
				CLANG_WARN__DUPLICATE_METHOD_MATCH = YES;
				CODE_SIGN_IDENTITY = "iPhone Developer";
				COPY_PHASE_STRIP = NO;
				DEBUG_INFORMATION_FORMAT = dwarf;
				ENABLE_STRICT_OBJC_MSGSEND = YES;
				ENABLE_TESTABILITY = YES;
				GCC_C_LANGUAGE_STANDARD = gnu11;
				GCC_DYNAMIC_NO_PIC = NO;
				GCC_NO_COMMON_BLOCKS = YES;
				GCC_OPTIMIZATION_LEVEL = 0;
				GCC_PREPROCESSOR_DEFINITIONS = (
					"DEBUG=1",
					"$(inherited)",
				);
				GCC_WARN_64_TO_32_BIT_CONVERSION = YES;
				GCC_WARN_ABOUT_RETURN_TYPE = YES_ERROR;
				GCC_WARN_UNDECLARED_SELECTOR = YES;
				GCC_WARN_UNINITIALIZED_AUTOS = YES_AGGRESSIVE;
				GCC_WARN_UNUSED_FUNCTION = YES;
				GCC_WARN_UNUSED_VARIABLE = YES;
				IPHONEOS_DEPLOYMENT_TARGET = 12.4;
				MTL_ENABLE_DEBUG_INFO = INCLUDE_SOURCE;
				MTL_FAST_MATH = YES;
				ONLY_ACTIVE_ARCH = YES;
				SDKROOT = iphoneos;
				SWIFT_ACTIVE_COMPILATION_CONDITIONS = DEBUG;
				SWIFT_OPTIMIZATION_LEVEL = "-Onone";
			};
			name = Debug;
		};
		659EB1C8232CEF6E00BF433B /* Release */ = {
			isa = XCBuildConfiguration;
			buildSettings = {
				ALWAYS_SEARCH_USER_PATHS = NO;
				CLANG_ANALYZER_NONNULL = YES;
				CLANG_ANALYZER_NUMBER_OBJECT_CONVERSION = YES_AGGRESSIVE;
				CLANG_CXX_LANGUAGE_STANDARD = "gnu++14";
				CLANG_CXX_LIBRARY = "libc++";
				CLANG_ENABLE_MODULES = YES;
				CLANG_ENABLE_OBJC_ARC = YES;
				CLANG_ENABLE_OBJC_WEAK = YES;
				CLANG_WARN_BLOCK_CAPTURE_AUTORELEASING = YES;
				CLANG_WARN_BOOL_CONVERSION = YES;
				CLANG_WARN_COMMA = YES;
				CLANG_WARN_CONSTANT_CONVERSION = YES;
				CLANG_WARN_DEPRECATED_OBJC_IMPLEMENTATIONS = YES;
				CLANG_WARN_DIRECT_OBJC_ISA_USAGE = YES_ERROR;
				CLANG_WARN_DOCUMENTATION_COMMENTS = YES;
				CLANG_WARN_EMPTY_BODY = YES;
				CLANG_WARN_ENUM_CONVERSION = YES;
				CLANG_WARN_INFINITE_RECURSION = YES;
				CLANG_WARN_INT_CONVERSION = YES;
				CLANG_WARN_NON_LITERAL_NULL_CONVERSION = YES;
				CLANG_WARN_OBJC_IMPLICIT_RETAIN_SELF = YES;
				CLANG_WARN_OBJC_LITERAL_CONVERSION = YES;
				CLANG_WARN_OBJC_ROOT_CLASS = YES_ERROR;
				CLANG_WARN_RANGE_LOOP_ANALYSIS = YES;
				CLANG_WARN_STRICT_PROTOTYPES = YES;
				CLANG_WARN_SUSPICIOUS_MOVE = YES;
				CLANG_WARN_UNGUARDED_AVAILABILITY = YES_AGGRESSIVE;
				CLANG_WARN_UNREACHABLE_CODE = YES;
				CLANG_WARN__DUPLICATE_METHOD_MATCH = YES;
				CODE_SIGN_IDENTITY = "iPhone Developer";
				COPY_PHASE_STRIP = NO;
				DEBUG_INFORMATION_FORMAT = "dwarf-with-dsym";
				ENABLE_NS_ASSERTIONS = NO;
				ENABLE_STRICT_OBJC_MSGSEND = YES;
				GCC_C_LANGUAGE_STANDARD = gnu11;
				GCC_NO_COMMON_BLOCKS = YES;
				GCC_WARN_64_TO_32_BIT_CONVERSION = YES;
				GCC_WARN_ABOUT_RETURN_TYPE = YES_ERROR;
				GCC_WARN_UNDECLARED_SELECTOR = YES;
				GCC_WARN_UNINITIALIZED_AUTOS = YES_AGGRESSIVE;
				GCC_WARN_UNUSED_FUNCTION = YES;
				GCC_WARN_UNUSED_VARIABLE = YES;
				IPHONEOS_DEPLOYMENT_TARGET = 12.4;
				MTL_ENABLE_DEBUG_INFO = NO;
				MTL_FAST_MATH = YES;
				SDKROOT = iphoneos;
				SWIFT_COMPILATION_MODE = wholemodule;
				SWIFT_OPTIMIZATION_LEVEL = "-O";
				VALIDATE_PRODUCT = YES;
			};
			name = Release;
		};
		659EB1CA232CEF6E00BF433B /* Debug */ = {
			isa = XCBuildConfiguration;
			baseConfigurationReference = 8B2AEEA6278EF2A74B847780 /* Pods-SNP_TW16.debug.xcconfig */;
			buildSettings = {
				ASSETCATALOG_COMPILER_APPICON_NAME = AppIcon;
				CODE_SIGN_STYLE = Automatic;
				INFOPLIST_FILE = SNP_TW16/Info.plist;
				LD_RUNPATH_SEARCH_PATHS = (
					"$(inherited)",
					"@executable_path/Frameworks",
				);
				PRODUCT_BUNDLE_IDENTIFIER = "com.pongsakorn.SNP-TW16";
				PRODUCT_NAME = "$(TARGET_NAME)";
				SWIFT_VERSION = 5.0;
				TARGETED_DEVICE_FAMILY = 1;
			};
			name = Debug;
		};
		659EB1CB232CEF6E00BF433B /* Release */ = {
			isa = XCBuildConfiguration;
			baseConfigurationReference = 7E14348BFF8DCA154FE2B768 /* Pods-SNP_TW16.release.xcconfig */;
			buildSettings = {
				ASSETCATALOG_COMPILER_APPICON_NAME = AppIcon;
				CODE_SIGN_STYLE = Automatic;
				INFOPLIST_FILE = SNP_TW16/Info.plist;
				LD_RUNPATH_SEARCH_PATHS = (
					"$(inherited)",
					"@executable_path/Frameworks",
				);
				PRODUCT_BUNDLE_IDENTIFIER = "com.pongsakorn.SNP-TW16";
				PRODUCT_NAME = "$(TARGET_NAME)";
				SWIFT_VERSION = 5.0;
				TARGETED_DEVICE_FAMILY = 1;
			};
			name = Release;
		};
/* End XCBuildConfiguration section */

/* Begin XCConfigurationList section */
		659EB1B2232CEF6D00BF433B /* Build configuration list for PBXProject "SNP_TW16" */ = {
			isa = XCConfigurationList;
			buildConfigurations = (
				659EB1C7232CEF6E00BF433B /* Debug */,
				659EB1C8232CEF6E00BF433B /* Release */,
			);
			defaultConfigurationIsVisible = 0;
			defaultConfigurationName = Release;
		};
		659EB1C9232CEF6E00BF433B /* Build configuration list for PBXNativeTarget "SNP_TW16" */ = {
			isa = XCConfigurationList;
			buildConfigurations = (
				659EB1CA232CEF6E00BF433B /* Debug */,
				659EB1CB232CEF6E00BF433B /* Release */,
			);
			defaultConfigurationIsVisible = 0;
			defaultConfigurationName = Release;
		};
/* End XCConfigurationList section */
	};
	rootObject = 659EB1AF232CEF6D00BF433B /* Project object */;
}
