// !$*UTF8*$!
{
	archiveVersion = 1;
	classes = {
	};
	objectVersion = 51;
	objects = {

/* Begin PBXBuildFile section */
		20110BDD243EE97F0080E129 /* AlertCancelJoinViewController.swift in Sources */ = {isa = PBXBuildFile; fileRef = 20110BDC243EE97F0080E129 /* AlertCancelJoinViewController.swift */; };
		20110BDF243F28B20080E129 /* PostActivityUserViewController.swift in Sources */ = {isa = PBXBuildFile; fileRef = 20110BDE243F28B20080E129 /* PostActivityUserViewController.swift */; };
		202CCAB82415608500DB3B26 /* NotificationView.swift in Sources */ = {isa = PBXBuildFile; fileRef = 202CCAB72415608500DB3B26 /* NotificationView.swift */; };
		2033A2C5240F614400B38FED /* barChartViewController.swift in Sources */ = {isa = PBXBuildFile; fileRef = 2033A2C4240F614400B38FED /* barChartViewController.swift */; };
		207F518824372D8D00F36A6D /* favouriteModelView.swift in Sources */ = {isa = PBXBuildFile; fileRef = 207F518724372D8D00F36A6D /* favouriteModelView.swift */; };
		20AEF7BD243B33DA00187214 /* AlertCompleteJoinViewController.swift in Sources */ = {isa = PBXBuildFile; fileRef = 20AEF7BC243B33DA00187214 /* AlertCompleteJoinViewController.swift */; };
		20AEF7C1243B392C00187214 /* AlertDecideAfterViewController.swift in Sources */ = {isa = PBXBuildFile; fileRef = 20AEF7C0243B392C00187214 /* AlertDecideAfterViewController.swift */; };
		20D6F1AD2425E95600F315EF /* NotificationColumnPost.swift in Sources */ = {isa = PBXBuildFile; fileRef = 20D6F1AC2425E95600F315EF /* NotificationColumnPost.swift */; };
		20D8B0692444D723005B2542 /* MJBadgeBarButton.swift in Sources */ = {isa = PBXBuildFile; fileRef = 20D8B0682444D723005B2542 /* MJBadgeBarButton.swift */; };
		20D8B06B2444DB4C005B2542 /* testViewforseg.swift in Sources */ = {isa = PBXBuildFile; fileRef = 20D8B06A2444DB4C005B2542 /* testViewforseg.swift */; };
		20D9555E2433488C0060D3F8 /* DecideChoiceViewController.swift in Sources */ = {isa = PBXBuildFile; fileRef = 20D9555D2433488C0060D3F8 /* DecideChoiceViewController.swift */; };
		20D9556024334DE30060D3F8 /* titleDecideChoiceViwe.swift in Sources */ = {isa = PBXBuildFile; fileRef = 20D9555F24334DE30060D3F8 /* titleDecideChoiceViwe.swift */; };
		20D9556224334E7B0060D3F8 /* DecideChoiceUserView.swift in Sources */ = {isa = PBXBuildFile; fileRef = 20D9556124334E7B0060D3F8 /* DecideChoiceUserView.swift */; };
		20D9556524344C240060D3F8 /* Choice.swift in Sources */ = {isa = PBXBuildFile; fileRef = 20D9556424344C240060D3F8 /* Choice.swift */; };
		20E7EF842419A85100DCE89F /* editPostUserViewController.swift in Sources */ = {isa = PBXBuildFile; fileRef = 20E7EF832419A85100DCE89F /* editPostUserViewController.swift */; };
		20E8B0B1243A4C3900DE68C1 /* AlertJoinViewController.swift in Sources */ = {isa = PBXBuildFile; fileRef = 20E8B0B0243A4C3900DE68C1 /* AlertJoinViewController.swift */; };
		20EA7EEB2434654900838F18 /* ChoiceCommitView.swift in Sources */ = {isa = PBXBuildFile; fileRef = 20EA7EEA2434654900838F18 /* ChoiceCommitView.swift */; };
		20EB4439241810FA009EDDE6 /* NotificationTableView.swift in Sources */ = {isa = PBXBuildFile; fileRef = 20EB4438241810FA009EDDE6 /* NotificationTableView.swift */; };
		20EB443B241812FD009EDDE6 /* NotificationTitle.swift in Sources */ = {isa = PBXBuildFile; fileRef = 20EB443A241812FD009EDDE6 /* NotificationTitle.swift */; };
		20EB443D24181535009EDDE6 /* NotificationColumn.swift in Sources */ = {isa = PBXBuildFile; fileRef = 20EB443C24181535009EDDE6 /* NotificationColumn.swift */; };
		20EBE1BE243B75DC00DED133 /* AlertDecideAfterSection2ViewController.swift in Sources */ = {isa = PBXBuildFile; fileRef = 20EBE1BD243B75DC00DED133 /* AlertDecideAfterSection2ViewController.swift */; };
		20EBE1C0243B8E7800DED133 /* AlertEditProfileViewController.swift in Sources */ = {isa = PBXBuildFile; fileRef = 20EBE1BF243B8E7800DED133 /* AlertEditProfileViewController.swift */; };
		20EBE1C2243B905D00DED133 /* AlertEditProfileCompleteViewController.swift in Sources */ = {isa = PBXBuildFile; fileRef = 20EBE1C1243B905D00DED133 /* AlertEditProfileCompleteViewController.swift */; };
		20EBE1C5243C87D600DED133 /* AlertRegisterViewController.swift in Sources */ = {isa = PBXBuildFile; fileRef = 20EBE1C4243C87D600DED133 /* AlertRegisterViewController.swift */; };
		20EBE4B22435E07B00A35E51 /* feeldecideModel.swift in Sources */ = {isa = PBXBuildFile; fileRef = 20EBE4B12435E07B00A35E51 /* feeldecideModel.swift */; };
		20EC77802415019900A1B6BA /* TextFieldTableViewCell.swift in Sources */ = {isa = PBXBuildFile; fileRef = 20EC777F2415019900A1B6BA /* TextFieldTableViewCell.swift */; };
		20ED2C752403D6FF00EC9772 /* DecideAfterViewController.swift in Sources */ = {isa = PBXBuildFile; fileRef = 20ED2C742403D6FF00EC9772 /* DecideAfterViewController.swift */; };
		20F03C55241A568600ABB7DB /* notiModal.swift in Sources */ = {isa = PBXBuildFile; fileRef = 20F03C54241A568600ABB7DB /* notiModal.swift */; };
		20F03C57241B421C00ABB7DB /* NotificationContent.swift in Sources */ = {isa = PBXBuildFile; fileRef = 20F03C56241B421C00ABB7DB /* NotificationContent.swift */; };
		20F071B2241C6E0A005FF642 /* BaiJamjuree-ExtraLight.ttf in Resources */ = {isa = PBXBuildFile; fileRef = 20F071A6241C6E04005FF642 /* BaiJamjuree-ExtraLight.ttf */; };
		20F071B3241C6E0A005FF642 /* BaiJamjuree-LightItalic.ttf in Resources */ = {isa = PBXBuildFile; fileRef = 20F071A7241C6E05005FF642 /* BaiJamjuree-LightItalic.ttf */; };
		20F071B4241C6E0A005FF642 /* BaiJamjuree-MediumItalic.ttf in Resources */ = {isa = PBXBuildFile; fileRef = 20F071A8241C6E05005FF642 /* BaiJamjuree-MediumItalic.ttf */; };
		20F071B5241C6E0A005FF642 /* BaiJamjuree-Regular.ttf in Resources */ = {isa = PBXBuildFile; fileRef = 20F071A9241C6E06005FF642 /* BaiJamjuree-Regular.ttf */; };
		20F071B6241C6E0A005FF642 /* BaiJamjuree-SemiBold.ttf in Resources */ = {isa = PBXBuildFile; fileRef = 20F071AA241C6E06005FF642 /* BaiJamjuree-SemiBold.ttf */; };
		20F071B7241C6E0A005FF642 /* BaiJamjuree-SemiBoldItalic.ttf in Resources */ = {isa = PBXBuildFile; fileRef = 20F071AB241C6E07005FF642 /* BaiJamjuree-SemiBoldItalic.ttf */; };
		20F071B8241C6E0A005FF642 /* BaiJamjuree-ExtraLightItalic.ttf in Resources */ = {isa = PBXBuildFile; fileRef = 20F071AC241C6E07005FF642 /* BaiJamjuree-ExtraLightItalic.ttf */; };
		20F071B9241C6E0A005FF642 /* BaiJamjuree-BoldItalic.ttf in Resources */ = {isa = PBXBuildFile; fileRef = 20F071AD241C6E08005FF642 /* BaiJamjuree-BoldItalic.ttf */; };
		20F071BA241C6E0A005FF642 /* BaiJamjuree-Medium.ttf in Resources */ = {isa = PBXBuildFile; fileRef = 20F071AE241C6E08005FF642 /* BaiJamjuree-Medium.ttf */; };
		20F071BB241C6E0A005FF642 /* BaiJamjuree-Light.ttf in Resources */ = {isa = PBXBuildFile; fileRef = 20F071AF241C6E09005FF642 /* BaiJamjuree-Light.ttf */; };
		20F071BC241C6E0A005FF642 /* BaiJamjuree-Italic.ttf in Resources */ = {isa = PBXBuildFile; fileRef = 20F071B0241C6E09005FF642 /* BaiJamjuree-Italic.ttf */; };
		20F071BD241C6E0A005FF642 /* BaiJamjuree-Bold.ttf in Resources */ = {isa = PBXBuildFile; fileRef = 20F071B1241C6E0A005FF642 /* BaiJamjuree-Bold.ttf */; };
		20F071BF241D38A1005FF642 /* HeaderReligion.swift in Sources */ = {isa = PBXBuildFile; fileRef = 20F071BE241D38A1005FF642 /* HeaderReligion.swift */; };
		20F071C1241D3C59005FF642 /* HeaderMusic.swift in Sources */ = {isa = PBXBuildFile; fileRef = 20F071C0241D3C59005FF642 /* HeaderMusic.swift */; };
		20F071C3241D4552005FF642 /* TitleStoryTableView.swift in Sources */ = {isa = PBXBuildFile; fileRef = 20F071C2241D4552005FF642 /* TitleStoryTableView.swift */; };
		20F071C6241D47B8005FF642 /* TitleReligionViewCell.swift in Sources */ = {isa = PBXBuildFile; fileRef = 20F071C5241D47B8005FF642 /* TitleReligionViewCell.swift */; };
		20F071C8241D4833005FF642 /* TileStoryViewCell.swift in Sources */ = {isa = PBXBuildFile; fileRef = 20F071C7241D4833005FF642 /* TileStoryViewCell.swift */; };
		20F071CA241D491B005FF642 /* ReligionTableView.swift in Sources */ = {isa = PBXBuildFile; fileRef = 20F071C9241D491B005FF642 /* ReligionTableView.swift */; };
		20F071CC241D492E005FF642 /* StroyTableView.swift in Sources */ = {isa = PBXBuildFile; fileRef = 20F071CB241D492E005FF642 /* StroyTableView.swift */; };
		20F071CE241D5415005FF642 /* DetailReligionViewController.swift in Sources */ = {isa = PBXBuildFile; fileRef = 20F071CD241D5415005FF642 /* DetailReligionViewController.swift */; };
		20F071D0241DC71F005FF642 /* DetailStoryViewController.swift in Sources */ = {isa = PBXBuildFile; fileRef = 20F071CF241DC71F005FF642 /* DetailStoryViewController.swift */; };
		20F43247241DE06C0016F251 /* TitleMusicTableView.swift in Sources */ = {isa = PBXBuildFile; fileRef = 20F43246241DE06C0016F251 /* TitleMusicTableView.swift */; };
		20F43249241DE56E0016F251 /* TitleMusicViewCell.swift in Sources */ = {isa = PBXBuildFile; fileRef = 20F43248241DE56E0016F251 /* TitleMusicViewCell.swift */; };
		20F4324B241DE5C50016F251 /* MusicViewCell.swift in Sources */ = {isa = PBXBuildFile; fileRef = 20F4324A241DE5C50016F251 /* MusicViewCell.swift */; };
		20F4326E241DFA900016F251 /* TestVideoController.swift in Sources */ = {isa = PBXBuildFile; fileRef = 20F4326D241DFA900016F251 /* TestVideoController.swift */; };
		6506942823ACC5E700A045E6 /* DetailActivityViewController.swift in Sources */ = {isa = PBXBuildFile; fileRef = 6506942723ACC5E700A045E6 /* DetailActivityViewController.swift */; };
		6508F0E023C272D00034F355 /* ActivityHeaderViewCell.swift in Sources */ = {isa = PBXBuildFile; fileRef = 6508F0DF23C272D00034F355 /* ActivityHeaderViewCell.swift */; };
		652DDEE623A9BB2B00AF79D3 /* RecordViewController.swift in Sources */ = {isa = PBXBuildFile; fileRef = 652DDEE523A9BB2B00AF79D3 /* RecordViewController.swift */; };
		6535A3F623CD6A8A0005027F /* Community.swift in Sources */ = {isa = PBXBuildFile; fileRef = 6535A3F523CD6A8A0005027F /* Community.swift */; };
		6543825323CB3A030062399D /* ActivityType.swift in Sources */ = {isa = PBXBuildFile; fileRef = 6543825223CB3A030062399D /* ActivityType.swift */; };
		654936A823C1CDF600B190A1 /* SubActivityTypeTableViewController.swift in Sources */ = {isa = PBXBuildFile; fileRef = 654936A723C1CDF600B190A1 /* SubActivityTypeTableViewController.swift */; };
		654936AA23C1EAA000B190A1 /* ContentActivityViewController.swift in Sources */ = {isa = PBXBuildFile; fileRef = 654936A923C1EAA000B190A1 /* ContentActivityViewController.swift */; };
		654E850A23C1007E001E2508 /* HeaderActivity.swift in Sources */ = {isa = PBXBuildFile; fileRef = 654E850923C1007E001E2508 /* HeaderActivity.swift */; };
		654F379923C9A1F9009259A3 /* CommentTableView.swift in Sources */ = {isa = PBXBuildFile; fileRef = 654F379823C9A1F9009259A3 /* CommentTableView.swift */; };
		6560B41223332EFF00F53D26 /* OtpViewController.swift in Sources */ = {isa = PBXBuildFile; fileRef = 6560B41123332EFF00F53D26 /* OtpViewController.swift */; };
		6560B4152333F4CC00F53D26 /* MobileOtpViewController.swift in Sources */ = {isa = PBXBuildFile; fileRef = 6560B4142333F4CC00F53D26 /* MobileOtpViewController.swift */; };
		6564EE5723EECE2100FB9400 /* InputCommentViewController.swift in Sources */ = {isa = PBXBuildFile; fileRef = 6564EE5623EECE2000FB9400 /* InputCommentViewController.swift */; };
		6574B2E423DD4246005E82DF /* layoutTableViewCell.swift in Sources */ = {isa = PBXBuildFile; fileRef = 6574B2E323DD4246005E82DF /* layoutTableViewCell.swift */; };
		6574B2E623DD6113005E82DF /* DecideViewController.swift in Sources */ = {isa = PBXBuildFile; fileRef = 6574B2E523DD6113005E82DF /* DecideViewController.swift */; };
		6574B2EA23DD61D0005E82DF /* DecideViewCell.swift in Sources */ = {isa = PBXBuildFile; fileRef = 6574B2E923DD61D0005E82DF /* DecideViewCell.swift */; };
		657C547E23BA7CE600B32EC6 /* TitleTableViewCell.swift in Sources */ = {isa = PBXBuildFile; fileRef = 657C547D23BA7CE600B32EC6 /* TitleTableViewCell.swift */; };
		657C548623BA827E00B32EC6 /* EmergencyViewController.swift in Sources */ = {isa = PBXBuildFile; fileRef = 657C548523BA827E00B32EC6 /* EmergencyViewController.swift */; };
		657C548823BA82FF00B32EC6 /* EmergencyView.swift in Sources */ = {isa = PBXBuildFile; fileRef = 657C548723BA82FF00B32EC6 /* EmergencyView.swift */; };
		657C548A23BA837D00B32EC6 /* DetailEmergencyView.swift in Sources */ = {isa = PBXBuildFile; fileRef = 657C548923BA837D00B32EC6 /* DetailEmergencyView.swift */; };
		6580827E23BCA3650092B0D6 /* Emergency.swift in Sources */ = {isa = PBXBuildFile; fileRef = 6580827D23BCA3650092B0D6 /* Emergency.swift */; };
		6580828423BDF3F70092B0D6 /* ProfileVIewController.swift in Sources */ = {isa = PBXBuildFile; fileRef = 6580828323BDF3F70092B0D6 /* ProfileVIewController.swift */; };
		6580BEB8232D380500B6C621 /* RegisterViewController.swift in Sources */ = {isa = PBXBuildFile; fileRef = 6580BEB7232D380500B6C621 /* RegisterViewController.swift */; };
		65811B4223B8FB4300351DA9 /* ActivityPageViewController.swift in Sources */ = {isa = PBXBuildFile; fileRef = 65811B4123B8FB4300351DA9 /* ActivityPageViewController.swift */; };
		6589100623E174F4007E5DF0 /* TestCheckBoxTableView.swift in Sources */ = {isa = PBXBuildFile; fileRef = 6589100523E174F4007E5DF0 /* TestCheckBoxTableView.swift */; };
		6589100823E17B61007E5DF0 /* TitleTableVIiewCellTest.swift in Sources */ = {isa = PBXBuildFile; fileRef = 6589100723E17B61007E5DF0 /* TitleTableVIiewCellTest.swift */; };
		6589100B23E17E08007E5DF0 /* DiseaseTableViewCell.swift in Sources */ = {isa = PBXBuildFile; fileRef = 6589100A23E17E08007E5DF0 /* DiseaseTableViewCell.swift */; };
		6589100D23E17F79007E5DF0 /* ConfirmTableViewCell.swift in Sources */ = {isa = PBXBuildFile; fileRef = 6589100C23E17F79007E5DF0 /* ConfirmTableViewCell.swift */; };
		6589100F23E186A8007E5DF0 /* CheckBoxTableViewCell.swift in Sources */ = {isa = PBXBuildFile; fileRef = 6589100E23E186A8007E5DF0 /* CheckBoxTableViewCell.swift */; };
		6589101423E204DA007E5DF0 /* ListActTitleType.swift in Sources */ = {isa = PBXBuildFile; fileRef = 6589101323E204DA007E5DF0 /* ListActTitleType.swift */; };
		6589101623E22498007E5DF0 /* TitleFavoriteView.swift in Sources */ = {isa = PBXBuildFile; fileRef = 6589101523E22497007E5DF0 /* TitleFavoriteView.swift */; };
		6589B41223F828C70047DC9E /* InviteActivityViewController.swift in Sources */ = {isa = PBXBuildFile; fileRef = 6589B41123F828C70047DC9E /* InviteActivityViewController.swift */; };
		659EB1BB232CEF6D00BF433B /* AppDelegate.swift in Sources */ = {isa = PBXBuildFile; fileRef = 659EB1BA232CEF6D00BF433B /* AppDelegate.swift */; };
		659EB1C2232CEF6E00BF433B /* Assets.xcassets in Resources */ = {isa = PBXBuildFile; fileRef = 659EB1C1232CEF6E00BF433B /* Assets.xcassets */; };
		659EB1C5232CEF6E00BF433B /* LaunchScreen.storyboard in Resources */ = {isa = PBXBuildFile; fileRef = 659EB1C3232CEF6E00BF433B /* LaunchScreen.storyboard */; };
		659EB1CD232CF05E00BF433B /* Extensions.swift in Sources */ = {isa = PBXBuildFile; fileRef = 659EB1CC232CF05E00BF433B /* Extensions.swift */; };
		659EB1D6232CF06500BF433B /* Poppins-Regular.ttf in Resources */ = {isa = PBXBuildFile; fileRef = 659EB1D1232CF06500BF433B /* Poppins-Regular.ttf */; };
		65B0164023AAF95200EBB76A /* AcivityListTableViewCell.swift in Sources */ = {isa = PBXBuildFile; fileRef = 65B0163F23AAF95200EBB76A /* AcivityListTableViewCell.swift */; };
		65B0164423AB152600EBB76A /* Comment.swift in Sources */ = {isa = PBXBuildFile; fileRef = 65B0164323AB152600EBB76A /* Comment.swift */; };
		65B0164723AB2BCC00EBB76A /* LoginViewController.swift in Sources */ = {isa = PBXBuildFile; fileRef = 65B0164623AB2BCC00EBB76A /* LoginViewController.swift */; };
		65B0164A23AB6C3B00EBB76A /* CreateViewController.swift in Sources */ = {isa = PBXBuildFile; fileRef = 65B0164923AB6C3B00EBB76A /* CreateViewController.swift */; };
		65B9171723D783F200F13190 /* Relative.swift in Sources */ = {isa = PBXBuildFile; fileRef = 65B9171623D783F200F13190 /* Relative.swift */; };
		65B9171923D9A46100F13190 /* CreateRelativeTelView.swift in Sources */ = {isa = PBXBuildFile; fileRef = 65B9171823D9A46100F13190 /* CreateRelativeTelView.swift */; };
		65B9171B23D9C28500F13190 /* ListRelatuveView.swift in Sources */ = {isa = PBXBuildFile; fileRef = 65B9171A23D9C28500F13190 /* ListRelatuveView.swift */; };
		65BADF5A23F2ACBD00DAEAD1 /* editProfileView.swift in Sources */ = {isa = PBXBuildFile; fileRef = 65BADF5923F2ACBD00DAEAD1 /* editProfileView.swift */; };
		65D0708123DC482E00A41ABA /* grapViewController.swift in Sources */ = {isa = PBXBuildFile; fileRef = 65D0708023DC482E00A41ABA /* grapViewController.swift */; };
		65DB237223DA16ED00E71500 /* ActivityTypeTableViewController.swift in Sources */ = {isa = PBXBuildFile; fileRef = 65DB237123DA16ED00E71500 /* ActivityTypeTableViewController.swift */; };
		65DB237423DA21C300E71500 /* TypeActivityView.swift in Sources */ = {isa = PBXBuildFile; fileRef = 65DB237323DA21C300E71500 /* TypeActivityView.swift */; };
		65DBB64923E403120081F9BE /* Profile.swift in Sources */ = {isa = PBXBuildFile; fileRef = 65DBB64823E403120081F9BE /* Profile.swift */; };
		65DBB64D23E42A230081F9BE /* listFavoriteViewCell.swift in Sources */ = {isa = PBXBuildFile; fileRef = 65DBB64C23E42A230081F9BE /* listFavoriteViewCell.swift */; };
		65DBB64F23E442CF0081F9BE /* titleListActivityViewCell.swift in Sources */ = {isa = PBXBuildFile; fileRef = 65DBB64E23E442CF0081F9BE /* titleListActivityViewCell.swift */; };
		65DBB65323E447210081F9BE /* titleListPostViewCell.swift in Sources */ = {isa = PBXBuildFile; fileRef = 65DBB65223E447210081F9BE /* titleListPostViewCell.swift */; };
		65DBB65523E447A90081F9BE /* listPostUserTableView.swift in Sources */ = {isa = PBXBuildFile; fileRef = 65DBB65423E447A90081F9BE /* listPostUserTableView.swift */; };
		65DD3CDA23AD45B9008C5EA5 /* SearchTableViewCell.swift in Sources */ = {isa = PBXBuildFile; fileRef = 65DD3CD923AD45B9008C5EA5 /* SearchTableViewCell.swift */; };
		65E156D723AA091700CC3856 /* MainActivityViewController.swift in Sources */ = {isa = PBXBuildFile; fileRef = 65E156D623AA091700CC3856 /* MainActivityViewController.swift */; };
		65E4E09D23BFA99E00D0F108 /* AddTelView.swift in Sources */ = {isa = PBXBuildFile; fileRef = 65E4E09C23BFA99E00D0F108 /* AddTelView.swift */; };
		65F50ACB234F71D8006A1767 /* tabBarViewController.swift in Sources */ = {isa = PBXBuildFile; fileRef = 65F50ACA234F71D8006A1767 /* tabBarViewController.swift */; };
		65F50AD2234F9385006A1767 /* CommunViewController.swift in Sources */ = {isa = PBXBuildFile; fileRef = 65F50AD1234F9385006A1767 /* CommunViewController.swift */; };
		F72C53CFDB6816B86F6D4761 /* Pods_SNP_TW16.framework in Frameworks */ = {isa = PBXBuildFile; fileRef = 61CC7B36A00F9D04E5572DF0 /* Pods_SNP_TW16.framework */; };
/* End PBXBuildFile section */

/* Begin PBXFileReference section */
		20110BDC243EE97F0080E129 /* AlertCancelJoinViewController.swift */ = {isa = PBXFileReference; lastKnownFileType = sourcecode.swift; path = AlertCancelJoinViewController.swift; sourceTree = "<group>"; };
		20110BDE243F28B20080E129 /* PostActivityUserViewController.swift */ = {isa = PBXFileReference; lastKnownFileType = sourcecode.swift; path = PostActivityUserViewController.swift; sourceTree = "<group>"; };
		202CCAB72415608500DB3B26 /* NotificationView.swift */ = {isa = PBXFileReference; lastKnownFileType = sourcecode.swift; path = NotificationView.swift; sourceTree = "<group>"; };
		2033A2C4240F614400B38FED /* barChartViewController.swift */ = {isa = PBXFileReference; lastKnownFileType = sourcecode.swift; path = barChartViewController.swift; sourceTree = "<group>"; };
		207F518724372D8D00F36A6D /* favouriteModelView.swift */ = {isa = PBXFileReference; lastKnownFileType = sourcecode.swift; path = favouriteModelView.swift; sourceTree = "<group>"; };
		20AEF7BC243B33DA00187214 /* AlertCompleteJoinViewController.swift */ = {isa = PBXFileReference; lastKnownFileType = sourcecode.swift; path = AlertCompleteJoinViewController.swift; sourceTree = "<group>"; };
		20AEF7C0243B392C00187214 /* AlertDecideAfterViewController.swift */ = {isa = PBXFileReference; lastKnownFileType = sourcecode.swift; path = AlertDecideAfterViewController.swift; sourceTree = "<group>"; };
		20D6F1AC2425E95600F315EF /* NotificationColumnPost.swift */ = {isa = PBXFileReference; lastKnownFileType = sourcecode.swift; path = NotificationColumnPost.swift; sourceTree = "<group>"; };
		20D8B0682444D723005B2542 /* MJBadgeBarButton.swift */ = {isa = PBXFileReference; lastKnownFileType = sourcecode.swift; path = MJBadgeBarButton.swift; sourceTree = "<group>"; };
		20D8B06A2444DB4C005B2542 /* testViewforseg.swift */ = {isa = PBXFileReference; lastKnownFileType = sourcecode.swift; path = testViewforseg.swift; sourceTree = "<group>"; };
		20D9555D2433488C0060D3F8 /* DecideChoiceViewController.swift */ = {isa = PBXFileReference; lastKnownFileType = sourcecode.swift; path = DecideChoiceViewController.swift; sourceTree = "<group>"; };
		20D9555F24334DE30060D3F8 /* titleDecideChoiceViwe.swift */ = {isa = PBXFileReference; lastKnownFileType = sourcecode.swift; path = titleDecideChoiceViwe.swift; sourceTree = "<group>"; };
		20D9556124334E7B0060D3F8 /* DecideChoiceUserView.swift */ = {isa = PBXFileReference; lastKnownFileType = sourcecode.swift; path = DecideChoiceUserView.swift; sourceTree = "<group>"; };
		20D9556424344C240060D3F8 /* Choice.swift */ = {isa = PBXFileReference; lastKnownFileType = sourcecode.swift; path = Choice.swift; sourceTree = "<group>"; };
		20E7EF832419A85100DCE89F /* editPostUserViewController.swift */ = {isa = PBXFileReference; lastKnownFileType = sourcecode.swift; path = editPostUserViewController.swift; sourceTree = "<group>"; };
		20E8B0B0243A4C3900DE68C1 /* AlertJoinViewController.swift */ = {isa = PBXFileReference; lastKnownFileType = sourcecode.swift; path = AlertJoinViewController.swift; sourceTree = "<group>"; };
		20EA7EEA2434654900838F18 /* ChoiceCommitView.swift */ = {isa = PBXFileReference; lastKnownFileType = sourcecode.swift; path = ChoiceCommitView.swift; sourceTree = "<group>"; };
		20EB4438241810FA009EDDE6 /* NotificationTableView.swift */ = {isa = PBXFileReference; lastKnownFileType = sourcecode.swift; path = NotificationTableView.swift; sourceTree = "<group>"; };
		20EB443A241812FD009EDDE6 /* NotificationTitle.swift */ = {isa = PBXFileReference; lastKnownFileType = sourcecode.swift; path = NotificationTitle.swift; sourceTree = "<group>"; };
		20EB443C24181535009EDDE6 /* NotificationColumn.swift */ = {isa = PBXFileReference; lastKnownFileType = sourcecode.swift; path = NotificationColumn.swift; sourceTree = "<group>"; };
		20EBE1BD243B75DC00DED133 /* AlertDecideAfterSection2ViewController.swift */ = {isa = PBXFileReference; lastKnownFileType = sourcecode.swift; path = AlertDecideAfterSection2ViewController.swift; sourceTree = "<group>"; };
		20EBE1BF243B8E7800DED133 /* AlertEditProfileViewController.swift */ = {isa = PBXFileReference; lastKnownFileType = sourcecode.swift; path = AlertEditProfileViewController.swift; sourceTree = "<group>"; };
		20EBE1C1243B905D00DED133 /* AlertEditProfileCompleteViewController.swift */ = {isa = PBXFileReference; lastKnownFileType = sourcecode.swift; path = AlertEditProfileCompleteViewController.swift; sourceTree = "<group>"; };
		20EBE1C4243C87D600DED133 /* AlertRegisterViewController.swift */ = {isa = PBXFileReference; lastKnownFileType = sourcecode.swift; path = AlertRegisterViewController.swift; sourceTree = "<group>"; };
		20EBE4B12435E07B00A35E51 /* feeldecideModel.swift */ = {isa = PBXFileReference; lastKnownFileType = sourcecode.swift; path = feeldecideModel.swift; sourceTree = "<group>"; };
		20EC777F2415019900A1B6BA /* TextFieldTableViewCell.swift */ = {isa = PBXFileReference; lastKnownFileType = sourcecode.swift; path = TextFieldTableViewCell.swift; sourceTree = "<group>"; };
		20ED2C742403D6FF00EC9772 /* DecideAfterViewController.swift */ = {isa = PBXFileReference; lastKnownFileType = sourcecode.swift; path = DecideAfterViewController.swift; sourceTree = "<group>"; };
		20F03C54241A568600ABB7DB /* notiModal.swift */ = {isa = PBXFileReference; lastKnownFileType = sourcecode.swift; path = notiModal.swift; sourceTree = "<group>"; };
		20F03C56241B421C00ABB7DB /* NotificationContent.swift */ = {isa = PBXFileReference; lastKnownFileType = sourcecode.swift; path = NotificationContent.swift; sourceTree = "<group>"; };
		20F071A6241C6E04005FF642 /* BaiJamjuree-ExtraLight.ttf */ = {isa = PBXFileReference; lastKnownFileType = file; path = "BaiJamjuree-ExtraLight.ttf"; sourceTree = "<group>"; };
		20F071A7241C6E05005FF642 /* BaiJamjuree-LightItalic.ttf */ = {isa = PBXFileReference; lastKnownFileType = file; path = "BaiJamjuree-LightItalic.ttf"; sourceTree = "<group>"; };
		20F071A8241C6E05005FF642 /* BaiJamjuree-MediumItalic.ttf */ = {isa = PBXFileReference; lastKnownFileType = file; path = "BaiJamjuree-MediumItalic.ttf"; sourceTree = "<group>"; };
		20F071A9241C6E06005FF642 /* BaiJamjuree-Regular.ttf */ = {isa = PBXFileReference; lastKnownFileType = file; path = "BaiJamjuree-Regular.ttf"; sourceTree = "<group>"; };
		20F071AA241C6E06005FF642 /* BaiJamjuree-SemiBold.ttf */ = {isa = PBXFileReference; lastKnownFileType = file; path = "BaiJamjuree-SemiBold.ttf"; sourceTree = "<group>"; };
		20F071AB241C6E07005FF642 /* BaiJamjuree-SemiBoldItalic.ttf */ = {isa = PBXFileReference; lastKnownFileType = file; path = "BaiJamjuree-SemiBoldItalic.ttf"; sourceTree = "<group>"; };
		20F071AC241C6E07005FF642 /* BaiJamjuree-ExtraLightItalic.ttf */ = {isa = PBXFileReference; lastKnownFileType = file; path = "BaiJamjuree-ExtraLightItalic.ttf"; sourceTree = "<group>"; };
		20F071AD241C6E08005FF642 /* BaiJamjuree-BoldItalic.ttf */ = {isa = PBXFileReference; lastKnownFileType = file; path = "BaiJamjuree-BoldItalic.ttf"; sourceTree = "<group>"; };
		20F071AE241C6E08005FF642 /* BaiJamjuree-Medium.ttf */ = {isa = PBXFileReference; lastKnownFileType = file; path = "BaiJamjuree-Medium.ttf"; sourceTree = "<group>"; };
		20F071AF241C6E09005FF642 /* BaiJamjuree-Light.ttf */ = {isa = PBXFileReference; lastKnownFileType = file; path = "BaiJamjuree-Light.ttf"; sourceTree = "<group>"; };
		20F071B0241C6E09005FF642 /* BaiJamjuree-Italic.ttf */ = {isa = PBXFileReference; lastKnownFileType = file; path = "BaiJamjuree-Italic.ttf"; sourceTree = "<group>"; };
		20F071B1241C6E0A005FF642 /* BaiJamjuree-Bold.ttf */ = {isa = PBXFileReference; lastKnownFileType = file; path = "BaiJamjuree-Bold.ttf"; sourceTree = "<group>"; };
		20F071BE241D38A1005FF642 /* HeaderReligion.swift */ = {isa = PBXFileReference; lastKnownFileType = sourcecode.swift; path = HeaderReligion.swift; sourceTree = "<group>"; };
		20F071C0241D3C59005FF642 /* HeaderMusic.swift */ = {isa = PBXFileReference; lastKnownFileType = sourcecode.swift; path = HeaderMusic.swift; sourceTree = "<group>"; };
		20F071C2241D4552005FF642 /* TitleStoryTableView.swift */ = {isa = PBXFileReference; lastKnownFileType = sourcecode.swift; path = TitleStoryTableView.swift; sourceTree = "<group>"; };
		20F071C5241D47B8005FF642 /* TitleReligionViewCell.swift */ = {isa = PBXFileReference; lastKnownFileType = sourcecode.swift; path = TitleReligionViewCell.swift; sourceTree = "<group>"; };
		20F071C7241D4833005FF642 /* TileStoryViewCell.swift */ = {isa = PBXFileReference; lastKnownFileType = sourcecode.swift; path = TileStoryViewCell.swift; sourceTree = "<group>"; };
		20F071C9241D491B005FF642 /* ReligionTableView.swift */ = {isa = PBXFileReference; lastKnownFileType = sourcecode.swift; path = ReligionTableView.swift; sourceTree = "<group>"; };
		20F071CB241D492E005FF642 /* StroyTableView.swift */ = {isa = PBXFileReference; lastKnownFileType = sourcecode.swift; path = StroyTableView.swift; sourceTree = "<group>"; };
		20F071CD241D5415005FF642 /* DetailReligionViewController.swift */ = {isa = PBXFileReference; lastKnownFileType = sourcecode.swift; path = DetailReligionViewController.swift; sourceTree = "<group>"; };
		20F071CF241DC71F005FF642 /* DetailStoryViewController.swift */ = {isa = PBXFileReference; lastKnownFileType = sourcecode.swift; path = DetailStoryViewController.swift; sourceTree = "<group>"; };
		20F43246241DE06C0016F251 /* TitleMusicTableView.swift */ = {isa = PBXFileReference; lastKnownFileType = sourcecode.swift; path = TitleMusicTableView.swift; sourceTree = "<group>"; };
		20F43248241DE56E0016F251 /* TitleMusicViewCell.swift */ = {isa = PBXFileReference; lastKnownFileType = sourcecode.swift; path = TitleMusicViewCell.swift; sourceTree = "<group>"; };
		20F4324A241DE5C50016F251 /* MusicViewCell.swift */ = {isa = PBXFileReference; lastKnownFileType = sourcecode.swift; path = MusicViewCell.swift; sourceTree = "<group>"; };
		20F4326D241DFA900016F251 /* TestVideoController.swift */ = {isa = PBXFileReference; lastKnownFileType = sourcecode.swift; path = TestVideoController.swift; sourceTree = "<group>"; };
		30712429F1B664DA3DA42017 /* Pods-SNP_TW16.debug.xcconfig */ = {isa = PBXFileReference; includeInIndex = 1; lastKnownFileType = text.xcconfig; name = "Pods-SNP_TW16.debug.xcconfig"; path = "Target Support Files/Pods-SNP_TW16/Pods-SNP_TW16.debug.xcconfig"; sourceTree = "<group>"; };
		592585A21BEB8AFA078EEE87 /* Pods-SNP_TW16.release.xcconfig */ = {isa = PBXFileReference; includeInIndex = 1; lastKnownFileType = text.xcconfig; name = "Pods-SNP_TW16.release.xcconfig"; path = "Target Support Files/Pods-SNP_TW16/Pods-SNP_TW16.release.xcconfig"; sourceTree = "<group>"; };
		61CC7B36A00F9D04E5572DF0 /* Pods_SNP_TW16.framework */ = {isa = PBXFileReference; explicitFileType = wrapper.framework; includeInIndex = 0; path = Pods_SNP_TW16.framework; sourceTree = BUILT_PRODUCTS_DIR; };
		6506942723ACC5E700A045E6 /* DetailActivityViewController.swift */ = {isa = PBXFileReference; lastKnownFileType = sourcecode.swift; path = DetailActivityViewController.swift; sourceTree = "<group>"; };
		6508F0DF23C272D00034F355 /* ActivityHeaderViewCell.swift */ = {isa = PBXFileReference; lastKnownFileType = sourcecode.swift; path = ActivityHeaderViewCell.swift; sourceTree = "<group>"; };
		652DDEE523A9BB2B00AF79D3 /* RecordViewController.swift */ = {isa = PBXFileReference; lastKnownFileType = sourcecode.swift; path = RecordViewController.swift; sourceTree = "<group>"; };
		6535A3F523CD6A8A0005027F /* Community.swift */ = {isa = PBXFileReference; lastKnownFileType = sourcecode.swift; path = Community.swift; sourceTree = "<group>"; };
		6543825223CB3A030062399D /* ActivityType.swift */ = {isa = PBXFileReference; lastKnownFileType = sourcecode.swift; path = ActivityType.swift; sourceTree = "<group>"; };
		654936A723C1CDF600B190A1 /* SubActivityTypeTableViewController.swift */ = {isa = PBXFileReference; lastKnownFileType = sourcecode.swift; path = SubActivityTypeTableViewController.swift; sourceTree = "<group>"; };
		654936A923C1EAA000B190A1 /* ContentActivityViewController.swift */ = {isa = PBXFileReference; lastKnownFileType = sourcecode.swift; path = ContentActivityViewController.swift; sourceTree = "<group>"; };
		654E850923C1007E001E2508 /* HeaderActivity.swift */ = {isa = PBXFileReference; lastKnownFileType = sourcecode.swift; path = HeaderActivity.swift; sourceTree = "<group>"; };
		654F379823C9A1F9009259A3 /* CommentTableView.swift */ = {isa = PBXFileReference; lastKnownFileType = sourcecode.swift; path = CommentTableView.swift; sourceTree = "<group>"; };
		655799BC234E50540047BAC3 /* SwiftSMS */ = {isa = PBXFileReference; lastKnownFileType = folder; path = SwiftSMS; sourceTree = "<group>"; };
		6560B41123332EFF00F53D26 /* OtpViewController.swift */ = {isa = PBXFileReference; lastKnownFileType = sourcecode.swift; path = OtpViewController.swift; sourceTree = "<group>"; };
		6560B4142333F4CC00F53D26 /* MobileOtpViewController.swift */ = {isa = PBXFileReference; lastKnownFileType = sourcecode.swift; path = MobileOtpViewController.swift; sourceTree = "<group>"; };
		6564EE5623EECE2000FB9400 /* InputCommentViewController.swift */ = {isa = PBXFileReference; lastKnownFileType = sourcecode.swift; path = InputCommentViewController.swift; sourceTree = "<group>"; };
		6574B2E323DD4246005E82DF /* layoutTableViewCell.swift */ = {isa = PBXFileReference; lastKnownFileType = sourcecode.swift; path = layoutTableViewCell.swift; sourceTree = "<group>"; };
		6574B2E523DD6113005E82DF /* DecideViewController.swift */ = {isa = PBXFileReference; lastKnownFileType = sourcecode.swift; path = DecideViewController.swift; sourceTree = "<group>"; };
		6574B2E923DD61D0005E82DF /* DecideViewCell.swift */ = {isa = PBXFileReference; lastKnownFileType = sourcecode.swift; path = DecideViewCell.swift; sourceTree = "<group>"; };
		657C547D23BA7CE600B32EC6 /* TitleTableViewCell.swift */ = {isa = PBXFileReference; lastKnownFileType = sourcecode.swift; path = TitleTableViewCell.swift; sourceTree = "<group>"; };
		657C548523BA827E00B32EC6 /* EmergencyViewController.swift */ = {isa = PBXFileReference; lastKnownFileType = sourcecode.swift; path = EmergencyViewController.swift; sourceTree = "<group>"; };
		657C548723BA82FF00B32EC6 /* EmergencyView.swift */ = {isa = PBXFileReference; lastKnownFileType = sourcecode.swift; path = EmergencyView.swift; sourceTree = "<group>"; };
		657C548923BA837D00B32EC6 /* DetailEmergencyView.swift */ = {isa = PBXFileReference; lastKnownFileType = sourcecode.swift; path = DetailEmergencyView.swift; sourceTree = "<group>"; };
		6580827D23BCA3650092B0D6 /* Emergency.swift */ = {isa = PBXFileReference; lastKnownFileType = sourcecode.swift; path = Emergency.swift; sourceTree = "<group>"; };
		6580828323BDF3F70092B0D6 /* ProfileVIewController.swift */ = {isa = PBXFileReference; lastKnownFileType = sourcecode.swift; path = ProfileVIewController.swift; sourceTree = "<group>"; };
		6580BEB7232D380500B6C621 /* RegisterViewController.swift */ = {isa = PBXFileReference; lastKnownFileType = sourcecode.swift; path = RegisterViewController.swift; sourceTree = "<group>"; };
		65811B4123B8FB4300351DA9 /* ActivityPageViewController.swift */ = {isa = PBXFileReference; lastKnownFileType = sourcecode.swift; path = ActivityPageViewController.swift; sourceTree = "<group>"; };
		6589100523E174F4007E5DF0 /* TestCheckBoxTableView.swift */ = {isa = PBXFileReference; lastKnownFileType = sourcecode.swift; path = TestCheckBoxTableView.swift; sourceTree = "<group>"; };
		6589100723E17B61007E5DF0 /* TitleTableVIiewCellTest.swift */ = {isa = PBXFileReference; lastKnownFileType = sourcecode.swift; path = TitleTableVIiewCellTest.swift; sourceTree = "<group>"; };
		6589100A23E17E08007E5DF0 /* DiseaseTableViewCell.swift */ = {isa = PBXFileReference; lastKnownFileType = sourcecode.swift; path = DiseaseTableViewCell.swift; sourceTree = "<group>"; };
		6589100C23E17F79007E5DF0 /* ConfirmTableViewCell.swift */ = {isa = PBXFileReference; lastKnownFileType = sourcecode.swift; path = ConfirmTableViewCell.swift; sourceTree = "<group>"; };
		6589100E23E186A8007E5DF0 /* CheckBoxTableViewCell.swift */ = {isa = PBXFileReference; lastKnownFileType = sourcecode.swift; path = CheckBoxTableViewCell.swift; sourceTree = "<group>"; };
		6589101323E204DA007E5DF0 /* ListActTitleType.swift */ = {isa = PBXFileReference; lastKnownFileType = sourcecode.swift; path = ListActTitleType.swift; sourceTree = "<group>"; };
		6589101523E22497007E5DF0 /* TitleFavoriteView.swift */ = {isa = PBXFileReference; lastKnownFileType = sourcecode.swift; path = TitleFavoriteView.swift; sourceTree = "<group>"; };
		6589B41123F828C70047DC9E /* InviteActivityViewController.swift */ = {isa = PBXFileReference; lastKnownFileType = sourcecode.swift; path = InviteActivityViewController.swift; sourceTree = "<group>"; };
		6597D4D823D5A7B200C80C54 /* SNP_TW16.entitlements */ = {isa = PBXFileReference; lastKnownFileType = text.plist.entitlements; path = SNP_TW16.entitlements; sourceTree = "<group>"; };
		659EB1B7232CEF6D00BF433B /* SNP_TW16.app */ = {isa = PBXFileReference; explicitFileType = wrapper.application; includeInIndex = 0; path = SNP_TW16.app; sourceTree = BUILT_PRODUCTS_DIR; };
		659EB1BA232CEF6D00BF433B /* AppDelegate.swift */ = {isa = PBXFileReference; lastKnownFileType = sourcecode.swift; path = AppDelegate.swift; sourceTree = "<group>"; };
		659EB1C1232CEF6E00BF433B /* Assets.xcassets */ = {isa = PBXFileReference; lastKnownFileType = folder.assetcatalog; path = Assets.xcassets; sourceTree = "<group>"; };
		659EB1C4232CEF6E00BF433B /* Base */ = {isa = PBXFileReference; lastKnownFileType = file.storyboard; name = Base; path = Base.lproj/LaunchScreen.storyboard; sourceTree = "<group>"; };
		659EB1C6232CEF6E00BF433B /* Info.plist */ = {isa = PBXFileReference; lastKnownFileType = text.plist.xml; path = Info.plist; sourceTree = "<group>"; };
		659EB1CC232CF05E00BF433B /* Extensions.swift */ = {isa = PBXFileReference; fileEncoding = 4; lastKnownFileType = sourcecode.swift; path = Extensions.swift; sourceTree = "<group>"; };
		659EB1CF232CF06500BF433B /* Poppins-Light.ttf */ = {isa = PBXFileReference; lastKnownFileType = file; path = "Poppins-Light.ttf"; sourceTree = "<group>"; };
		659EB1D0232CF06500BF433B /* Poppins-Medium.ttf */ = {isa = PBXFileReference; lastKnownFileType = file; path = "Poppins-Medium.ttf"; sourceTree = "<group>"; };
		659EB1D1232CF06500BF433B /* Poppins-Regular.ttf */ = {isa = PBXFileReference; lastKnownFileType = file; path = "Poppins-Regular.ttf"; sourceTree = "<group>"; };
		659EB1D2232CF06500BF433B /* Poppins-Bold.ttf */ = {isa = PBXFileReference; lastKnownFileType = file; path = "Poppins-Bold.ttf"; sourceTree = "<group>"; };
		659EB1D3232CF06500BF433B /* Poppins-MediumItalic.ttf */ = {isa = PBXFileReference; lastKnownFileType = file; path = "Poppins-MediumItalic.ttf"; sourceTree = "<group>"; };
		65B0163F23AAF95200EBB76A /* AcivityListTableViewCell.swift */ = {isa = PBXFileReference; lastKnownFileType = sourcecode.swift; path = AcivityListTableViewCell.swift; sourceTree = "<group>"; };
		65B0164323AB152600EBB76A /* Comment.swift */ = {isa = PBXFileReference; lastKnownFileType = sourcecode.swift; path = Comment.swift; sourceTree = "<group>"; };
		65B0164623AB2BCC00EBB76A /* LoginViewController.swift */ = {isa = PBXFileReference; lastKnownFileType = sourcecode.swift; path = LoginViewController.swift; sourceTree = "<group>"; };
		65B0164923AB6C3B00EBB76A /* CreateViewController.swift */ = {isa = PBXFileReference; lastKnownFileType = sourcecode.swift; path = CreateViewController.swift; sourceTree = "<group>"; };
		65B9171623D783F200F13190 /* Relative.swift */ = {isa = PBXFileReference; lastKnownFileType = sourcecode.swift; path = Relative.swift; sourceTree = "<group>"; };
		65B9171823D9A46100F13190 /* CreateRelativeTelView.swift */ = {isa = PBXFileReference; lastKnownFileType = sourcecode.swift; path = CreateRelativeTelView.swift; sourceTree = "<group>"; };
		65B9171A23D9C28500F13190 /* ListRelatuveView.swift */ = {isa = PBXFileReference; lastKnownFileType = sourcecode.swift; path = ListRelatuveView.swift; sourceTree = "<group>"; };
		65BADF5923F2ACBD00DAEAD1 /* editProfileView.swift */ = {isa = PBXFileReference; lastKnownFileType = sourcecode.swift; path = editProfileView.swift; sourceTree = "<group>"; };
		65D0708023DC482E00A41ABA /* grapViewController.swift */ = {isa = PBXFileReference; lastKnownFileType = sourcecode.swift; path = grapViewController.swift; sourceTree = "<group>"; };
		65DB237123DA16ED00E71500 /* ActivityTypeTableViewController.swift */ = {isa = PBXFileReference; lastKnownFileType = sourcecode.swift; path = ActivityTypeTableViewController.swift; sourceTree = "<group>"; };
		65DB237323DA21C300E71500 /* TypeActivityView.swift */ = {isa = PBXFileReference; lastKnownFileType = sourcecode.swift; path = TypeActivityView.swift; sourceTree = "<group>"; };
		65DBB64823E403120081F9BE /* Profile.swift */ = {isa = PBXFileReference; lastKnownFileType = sourcecode.swift; path = Profile.swift; sourceTree = "<group>"; };
		65DBB64C23E42A230081F9BE /* listFavoriteViewCell.swift */ = {isa = PBXFileReference; lastKnownFileType = sourcecode.swift; path = listFavoriteViewCell.swift; sourceTree = "<group>"; };
		65DBB64E23E442CF0081F9BE /* titleListActivityViewCell.swift */ = {isa = PBXFileReference; lastKnownFileType = sourcecode.swift; path = titleListActivityViewCell.swift; sourceTree = "<group>"; };
		65DBB65223E447210081F9BE /* titleListPostViewCell.swift */ = {isa = PBXFileReference; lastKnownFileType = sourcecode.swift; path = titleListPostViewCell.swift; sourceTree = "<group>"; };
		65DBB65423E447A90081F9BE /* listPostUserTableView.swift */ = {isa = PBXFileReference; lastKnownFileType = sourcecode.swift; path = listPostUserTableView.swift; sourceTree = "<group>"; };
		65DD3CD923AD45B9008C5EA5 /* SearchTableViewCell.swift */ = {isa = PBXFileReference; lastKnownFileType = sourcecode.swift; path = SearchTableViewCell.swift; sourceTree = "<group>"; };
		65E156D623AA091700CC3856 /* MainActivityViewController.swift */ = {isa = PBXFileReference; lastKnownFileType = sourcecode.swift; path = MainActivityViewController.swift; sourceTree = "<group>"; };
		65E4E09C23BFA99E00D0F108 /* AddTelView.swift */ = {isa = PBXFileReference; lastKnownFileType = sourcecode.swift; path = AddTelView.swift; sourceTree = "<group>"; };
		65F50ACA234F71D8006A1767 /* tabBarViewController.swift */ = {isa = PBXFileReference; lastKnownFileType = sourcecode.swift; path = tabBarViewController.swift; sourceTree = "<group>"; };
		65F50AD1234F9385006A1767 /* CommunViewController.swift */ = {isa = PBXFileReference; lastKnownFileType = sourcecode.swift; path = CommunViewController.swift; sourceTree = "<group>"; };
/* End PBXFileReference section */

/* Begin PBXFrameworksBuildPhase section */
		659EB1B4232CEF6D00BF433B /* Frameworks */ = {
			isa = PBXFrameworksBuildPhase;
			buildActionMask = 2147483647;
			files = (
				F72C53CFDB6816B86F6D4761 /* Pods_SNP_TW16.framework in Frameworks */,
			);
			runOnlyForDeploymentPostprocessing = 0;
		};
/* End PBXFrameworksBuildPhase section */

/* Begin PBXGroup section */
		0901A1FB49CFE24C2669E45C /* Frameworks */ = {
			isa = PBXGroup;
			children = (
				61CC7B36A00F9D04E5572DF0 /* Pods_SNP_TW16.framework */,
			);
			name = Frameworks;
			sourceTree = "<group>";
		};
		202CCAB42415602200DB3B26 /* Notification */ = {
			isa = PBXGroup;
			children = (
				20EB4437241810E6009EDDE6 /* Controller */,
				20EB4436241810DD009EDDE6 /* Model */,
				20EB4435241810D6009EDDE6 /* View */,
				202CCAB72415608500DB3B26 /* NotificationView.swift */,
			);
			path = Notification;
			sourceTree = "<group>";
		};
		2033A2C3240F612C00B38FED /* barchart */ = {
			isa = PBXGroup;
			children = (
				2033A2C4240F614400B38FED /* barChartViewController.swift */,
			);
			path = barchart;
			sourceTree = "<group>";
		};
		20AEF7BE243B38E300187214 /* Alert */ = {
			isa = PBXGroup;
			children = (
				20E8B0B0243A4C3900DE68C1 /* AlertJoinViewController.swift */,
				20AEF7BC243B33DA00187214 /* AlertCompleteJoinViewController.swift */,
				20110BDC243EE97F0080E129 /* AlertCancelJoinViewController.swift */,
			);
			path = Alert;
			sourceTree = "<group>";
		};
		20AEF7BF243B390900187214 /* Alert */ = {
			isa = PBXGroup;
			children = (
				20AEF7C0243B392C00187214 /* AlertDecideAfterViewController.swift */,
				20EBE1BD243B75DC00DED133 /* AlertDecideAfterSection2ViewController.swift */,
				20EBE1BF243B8E7800DED133 /* AlertEditProfileViewController.swift */,
				20EBE1C1243B905D00DED133 /* AlertEditProfileCompleteViewController.swift */,
			);
			path = Alert;
			sourceTree = "<group>";
		};
		20D9556324344C150060D3F8 /* Model */ = {
			isa = PBXGroup;
			children = (
				20D9556424344C240060D3F8 /* Choice.swift */,
			);
			path = Model;
			sourceTree = "<group>";
		};
		20EA7EE92434652A00838F18 /* View */ = {
			isa = PBXGroup;
			children = (
				20ED2C742403D6FF00EC9772 /* DecideAfterViewController.swift */,
				20D9556124334E7B0060D3F8 /* DecideChoiceUserView.swift */,
				20D9555F24334DE30060D3F8 /* titleDecideChoiceViwe.swift */,
				20EA7EEA2434654900838F18 /* ChoiceCommitView.swift */,
			);
			path = View;
			sourceTree = "<group>";
		};
		20EB4435241810D6009EDDE6 /* View */ = {
			isa = PBXGroup;
			children = (
				20EB443A241812FD009EDDE6 /* NotificationTitle.swift */,
				20EB443C24181535009EDDE6 /* NotificationColumn.swift */,
				20D6F1AC2425E95600F315EF /* NotificationColumnPost.swift */,
			);
			path = View;
			sourceTree = "<group>";
		};
		20EB4436241810DD009EDDE6 /* Model */ = {
			isa = PBXGroup;
			children = (
				20F03C54241A568600ABB7DB /* notiModal.swift */,
			);
			path = Model;
			sourceTree = "<group>";
		};
		20EB4437241810E6009EDDE6 /* Controller */ = {
			isa = PBXGroup;
			children = (
				20EB4438241810FA009EDDE6 /* NotificationTableView.swift */,
				20F03C56241B421C00ABB7DB /* NotificationContent.swift */,
				20110BDE243F28B20080E129 /* PostActivityUserViewController.swift */,
			);
			path = Controller;
			sourceTree = "<group>";
		};
		20EBE1C3243C87BE00DED133 /* Alert */ = {
			isa = PBXGroup;
			children = (
				20EBE1C4243C87D600DED133 /* AlertRegisterViewController.swift */,
			);
			path = Alert;
			sourceTree = "<group>";
		};
		20ED2C732403D6B600EC9772 /* Decide */ = {
			isa = PBXGroup;
			children = (
				20EA7EE92434652A00838F18 /* View */,
				20D9556324344C150060D3F8 /* Model */,
				20D9555D2433488C0060D3F8 /* DecideChoiceViewController.swift */,
			);
			path = Decide;
			sourceTree = "<group>";
		};
		20F071C4241D47A5005FF642 /* Story */ = {
			isa = PBXGroup;
			children = (
				20F071C2241D4552005FF642 /* TitleStoryTableView.swift */,
				20F071C5241D47B8005FF642 /* TitleReligionViewCell.swift */,
				20F071C7241D4833005FF642 /* TileStoryViewCell.swift */,
				20F071C9241D491B005FF642 /* ReligionTableView.swift */,
				20F071CB241D492E005FF642 /* StroyTableView.swift */,
				20F071CD241D5415005FF642 /* DetailReligionViewController.swift */,
				20F071CF241DC71F005FF642 /* DetailStoryViewController.swift */,
			);
			path = Story;
			sourceTree = "<group>";
		};
		20F071D1241DD7C6005FF642 /* Music */ = {
			isa = PBXGroup;
			children = (
				20F43246241DE06C0016F251 /* TitleMusicTableView.swift */,
				20F43248241DE56E0016F251 /* TitleMusicViewCell.swift */,
				20F4324A241DE5C50016F251 /* MusicViewCell.swift */,
				20F4326D241DFA900016F251 /* TestVideoController.swift */,
			);
			path = Music;
			sourceTree = "<group>";
		};
		2B5DE3338565FEDA70D2F475 /* Pods */ = {
			isa = PBXGroup;
			children = (
				30712429F1B664DA3DA42017 /* Pods-SNP_TW16.debug.xcconfig */,
				592585A21BEB8AFA078EEE87 /* Pods-SNP_TW16.release.xcconfig */,
			);
			path = Pods;
			sourceTree = "<group>";
		};
		655799BB234E503A0047BAC3 /* Sources */ = {
			isa = PBXGroup;
			children = (
				655799BC234E50540047BAC3 /* SwiftSMS */,
			);
			path = Sources;
			sourceTree = "<group>";
		};
		655799E0234F0ECB0047BAC3 /* otp */ = {
			isa = PBXGroup;
			children = (
				6560B4142333F4CC00F53D26 /* MobileOtpViewController.swift */,
				6560B41123332EFF00F53D26 /* OtpViewController.swift */,
			);
			path = otp;
			sourceTree = "<group>";
		};
		655799E1234F0EE20047BAC3 /* Register */ = {
			isa = PBXGroup;
			children = (
				20EBE1C3243C87BE00DED133 /* Alert */,
				6589101023E1A301007E5DF0 /* Model */,
				6589100923E17B66007E5DF0 /* View */,
				6589100423E174C5007E5DF0 /* CheckBox */,
			);
			path = Register;
			sourceTree = "<group>";
		};
		657C547F23BA817400B32EC6 /* Emergency */ = {
			isa = PBXGroup;
			children = (
				657C548223BA81A200B32EC6 /* Controller */,
				657C548123BA819C00B32EC6 /* Model */,
				657C548023BA818F00B32EC6 /* View */,
			);
			path = Emergency;
			sourceTree = "<group>";
		};
		657C548023BA818F00B32EC6 /* View */ = {
			isa = PBXGroup;
			children = (
				657C548723BA82FF00B32EC6 /* EmergencyView.swift */,
				657C548923BA837D00B32EC6 /* DetailEmergencyView.swift */,
				65E4E09C23BFA99E00D0F108 /* AddTelView.swift */,
				65B9171823D9A46100F13190 /* CreateRelativeTelView.swift */,
				65B9171A23D9C28500F13190 /* ListRelatuveView.swift */,
			);
			path = View;
			sourceTree = "<group>";
		};
		657C548123BA819C00B32EC6 /* Model */ = {
			isa = PBXGroup;
			children = (
				6580827D23BCA3650092B0D6 /* Emergency.swift */,
				65B9171623D783F200F13190 /* Relative.swift */,
			);
			path = Model;
			sourceTree = "<group>";
		};
		657C548223BA81A200B32EC6 /* Controller */ = {
			isa = PBXGroup;
			children = (
				657C548523BA827E00B32EC6 /* EmergencyViewController.swift */,
			);
			path = Controller;
			sourceTree = "<group>";
		};
		6580827F23BDF11F0092B0D6 /* Profile */ = {
			isa = PBXGroup;
			children = (
				20AEF7BF243B390900187214 /* Alert */,
				6580828223BDF1360092B0D6 /* Controller */,
				6580828123BDF1310092B0D6 /* View */,
				6580828023BDF12B0092B0D6 /* Model */,
			);
			path = Profile;
			sourceTree = "<group>";
		};
		6580828023BDF12B0092B0D6 /* Model */ = {
			isa = PBXGroup;
			children = (
				65DBB64823E403120081F9BE /* Profile.swift */,
			);
			path = Model;
			sourceTree = "<group>";
		};
		6580828123BDF1310092B0D6 /* View */ = {
			isa = PBXGroup;
			children = (
				65DBB65423E447A90081F9BE /* listPostUserTableView.swift */,
				65DBB64C23E42A230081F9BE /* listFavoriteViewCell.swift */,
				65DBB64E23E442CF0081F9BE /* titleListActivityViewCell.swift */,
				65DBB65223E447210081F9BE /* titleListPostViewCell.swift */,
				65BADF5923F2ACBD00DAEAD1 /* editProfileView.swift */,
				6589B41123F828C70047DC9E /* InviteActivityViewController.swift */,
				20E7EF832419A85100DCE89F /* editPostUserViewController.swift */,
			);
			path = View;
			sourceTree = "<group>";
		};
		6580828223BDF1360092B0D6 /* Controller */ = {
			isa = PBXGroup;
			children = (
				6580828323BDF3F70092B0D6 /* ProfileVIewController.swift */,
			);
			path = Controller;
			sourceTree = "<group>";
		};
		6589100423E174C5007E5DF0 /* CheckBox */ = {
			isa = PBXGroup;
			children = (
				6589100523E174F4007E5DF0 /* TestCheckBoxTableView.swift */,
			);
			path = CheckBox;
			sourceTree = "<group>";
		};
		6589100923E17B66007E5DF0 /* View */ = {
			isa = PBXGroup;
			children = (
				6580BEB7232D380500B6C621 /* RegisterViewController.swift */,
				652DDEE523A9BB2B00AF79D3 /* RecordViewController.swift */,
				6589100723E17B61007E5DF0 /* TitleTableVIiewCellTest.swift */,
				6589100A23E17E08007E5DF0 /* DiseaseTableViewCell.swift */,
				6589100E23E186A8007E5DF0 /* CheckBoxTableViewCell.swift */,
				6589100C23E17F79007E5DF0 /* ConfirmTableViewCell.swift */,
				6589101523E22497007E5DF0 /* TitleFavoriteView.swift */,
			);
			path = View;
			sourceTree = "<group>";
		};
		6589101023E1A301007E5DF0 /* Model */ = {
			isa = PBXGroup;
			children = (
				6589101323E204DA007E5DF0 /* ListActTitleType.swift */,
				207F518724372D8D00F36A6D /* favouriteModelView.swift */,
			);
			path = Model;
			sourceTree = "<group>";
		};
		659EB1AE232CEF6D00BF433B = {
			isa = PBXGroup;
			children = (
				659EB1B9232CEF6D00BF433B /* SNP_TW16 */,
				659EB1B8232CEF6D00BF433B /* Products */,
				2B5DE3338565FEDA70D2F475 /* Pods */,
				0901A1FB49CFE24C2669E45C /* Frameworks */,
			);
			sourceTree = "<group>";
		};
		659EB1B8232CEF6D00BF433B /* Products */ = {
			isa = PBXGroup;
			children = (
				659EB1B7232CEF6D00BF433B /* SNP_TW16.app */,
			);
			name = Products;
			sourceTree = "<group>";
		};
		659EB1B9232CEF6D00BF433B /* SNP_TW16 */ = {
			isa = PBXGroup;
			children = (
				202CCAB42415602200DB3B26 /* Notification */,
				2033A2C3240F612C00B38FED /* barchart */,
				65D0707F23DC47FA00A41ABA /* graphics  */,
				6597D4D823D5A7B200C80C54 /* SNP_TW16.entitlements */,
				65B0164523AB2BBB00EBB76A /* Login */,
				655799E0234F0ECB0047BAC3 /* otp */,
				655799E1234F0EE20047BAC3 /* Register */,
				65B0163423AA7C8B00EBB76A /* Activity */,
				65B0163D23AAF93100EBB76A /* Community */,
				657C547F23BA817400B32EC6 /* Emergency */,
				6580827F23BDF11F0092B0D6 /* Profile */,
				20ED2C732403D6B600EC9772 /* Decide */,
				65F50AC9234F71B4006A1767 /* TarBar */,
				655799BB234E503A0047BAC3 /* Sources */,
				659EB1CE232CF06500BF433B /* Fonts */,
				659EB1BA232CEF6D00BF433B /* AppDelegate.swift */,
				659EB1C1232CEF6E00BF433B /* Assets.xcassets */,
				659EB1C3232CEF6E00BF433B /* LaunchScreen.storyboard */,
				659EB1C6232CEF6E00BF433B /* Info.plist */,
				659EB1CC232CF05E00BF433B /* Extensions.swift */,
				20D8B0682444D723005B2542 /* MJBadgeBarButton.swift */,
				20D8B06A2444DB4C005B2542 /* testViewforseg.swift */,
			);
			path = SNP_TW16;
			sourceTree = "<group>";
		};
		659EB1CE232CF06500BF433B /* Fonts */ = {
			isa = PBXGroup;
			children = (
				20F071B1241C6E0A005FF642 /* BaiJamjuree-Bold.ttf */,
				20F071AD241C6E08005FF642 /* BaiJamjuree-BoldItalic.ttf */,
				20F071A6241C6E04005FF642 /* BaiJamjuree-ExtraLight.ttf */,
				20F071AC241C6E07005FF642 /* BaiJamjuree-ExtraLightItalic.ttf */,
				20F071B0241C6E09005FF642 /* BaiJamjuree-Italic.ttf */,
				20F071AF241C6E09005FF642 /* BaiJamjuree-Light.ttf */,
				20F071A7241C6E05005FF642 /* BaiJamjuree-LightItalic.ttf */,
				20F071AE241C6E08005FF642 /* BaiJamjuree-Medium.ttf */,
				20F071A8241C6E05005FF642 /* BaiJamjuree-MediumItalic.ttf */,
				20F071A9241C6E06005FF642 /* BaiJamjuree-Regular.ttf */,
				20F071AA241C6E06005FF642 /* BaiJamjuree-SemiBold.ttf */,
				20F071AB241C6E07005FF642 /* BaiJamjuree-SemiBoldItalic.ttf */,
				659EB1CF232CF06500BF433B /* Poppins-Light.ttf */,
				659EB1D0232CF06500BF433B /* Poppins-Medium.ttf */,
				659EB1D1232CF06500BF433B /* Poppins-Regular.ttf */,
				659EB1D2232CF06500BF433B /* Poppins-Bold.ttf */,
				659EB1D3232CF06500BF433B /* Poppins-MediumItalic.ttf */,
			);
			path = Fonts;
			sourceTree = "<group>";
		};
		65B0163423AA7C8B00EBB76A /* Activity */ = {
			isa = PBXGroup;
			children = (
				20AEF7BE243B38E300187214 /* Alert */,
				20F071D1241DD7C6005FF642 /* Music */,
				20F071C4241D47A5005FF642 /* Story */,
				65DD3CD623AD429D008C5EA5 /* Controller */,
				65DD3CD523AD4292008C5EA5 /* View */,
				65DD3CD423AD4289008C5EA5 /* Model */,
			);
			path = Activity;
			sourceTree = "<group>";
		};
		65B0163D23AAF93100EBB76A /* Community */ = {
			isa = PBXGroup;
			children = (
				65B0164823AB6C1300EBB76A /* CreateActivity */,
				65B0164223AB150300EBB76A /* Model */,
				65B0164123AAFE0D00EBB76A /* Controller */,
				65B0163E23AAF93F00EBB76A /* View */,
			);
			path = Community;
			sourceTree = "<group>";
		};
		65B0163E23AAF93F00EBB76A /* View */ = {
			isa = PBXGroup;
			children = (
				65B0163F23AAF95200EBB76A /* AcivityListTableViewCell.swift */,
				6506942723ACC5E700A045E6 /* DetailActivityViewController.swift */,
				65811B4123B8FB4300351DA9 /* ActivityPageViewController.swift */,
				654F379823C9A1F9009259A3 /* CommentTableView.swift */,
			);
			path = View;
			sourceTree = "<group>";
		};
		65B0164123AAFE0D00EBB76A /* Controller */ = {
			isa = PBXGroup;
			children = (
				65F50AD1234F9385006A1767 /* CommunViewController.swift */,
				6564EE5623EECE2000FB9400 /* InputCommentViewController.swift */,
			);
			path = Controller;
			sourceTree = "<group>";
		};
		65B0164223AB150300EBB76A /* Model */ = {
			isa = PBXGroup;
			children = (
				65B0164323AB152600EBB76A /* Comment.swift */,
				6535A3F523CD6A8A0005027F /* Community.swift */,
			);
			path = Model;
			sourceTree = "<group>";
		};
		65B0164523AB2BBB00EBB76A /* Login */ = {
			isa = PBXGroup;
			children = (
				65B0164623AB2BCC00EBB76A /* LoginViewController.swift */,
			);
			path = Login;
			sourceTree = "<group>";
		};
		65B0164823AB6C1300EBB76A /* CreateActivity */ = {
			isa = PBXGroup;
			children = (
				65B0164923AB6C3B00EBB76A /* CreateViewController.swift */,
			);
			path = CreateActivity;
			sourceTree = "<group>";
		};
		65D0707F23DC47FA00A41ABA /* graphics  */ = {
			isa = PBXGroup;
			children = (
				65D0708323DC48A700A41ABA /* Model */,
				65D0708223DC48A300A41ABA /* View */,
			);
			path = "graphics ";
			sourceTree = "<group>";
		};
		65D0708223DC48A300A41ABA /* View */ = {
			isa = PBXGroup;
			children = (
				65D0708023DC482E00A41ABA /* grapViewController.swift */,
			);
			path = View;
			sourceTree = "<group>";
		};
		65D0708323DC48A700A41ABA /* Model */ = {
			isa = PBXGroup;
			children = (
				6574B2E323DD4246005E82DF /* layoutTableViewCell.swift */,
			);
			path = Model;
			sourceTree = "<group>";
		};
		65DD3CD423AD4289008C5EA5 /* Model */ = {
			isa = PBXGroup;
			children = (
				6543825223CB3A030062399D /* ActivityType.swift */,
				20EBE4B12435E07B00A35E51 /* feeldecideModel.swift */,
			);
			path = Model;
			sourceTree = "<group>";
		};
		65DD3CD523AD4292008C5EA5 /* View */ = {
			isa = PBXGroup;
			children = (
				6574B2E923DD61D0005E82DF /* DecideViewCell.swift */,
				65DD3CD923AD45B9008C5EA5 /* SearchTableViewCell.swift */,
				657C547D23BA7CE600B32EC6 /* TitleTableViewCell.swift */,
				654E850923C1007E001E2508 /* HeaderActivity.swift */,
				6508F0DF23C272D00034F355 /* ActivityHeaderViewCell.swift */,
				65DB237323DA21C300E71500 /* TypeActivityView.swift */,
				20F071BE241D38A1005FF642 /* HeaderReligion.swift */,
				20F071C0241D3C59005FF642 /* HeaderMusic.swift */,
			);
			path = View;
			sourceTree = "<group>";
		};
		65DD3CD623AD429D008C5EA5 /* Controller */ = {
			isa = PBXGroup;
			children = (
				65E156D623AA091700CC3856 /* MainActivityViewController.swift */,
				65DB237123DA16ED00E71500 /* ActivityTypeTableViewController.swift */,
				654936A723C1CDF600B190A1 /* SubActivityTypeTableViewController.swift */,
				654936A923C1EAA000B190A1 /* ContentActivityViewController.swift */,
				6574B2E523DD6113005E82DF /* DecideViewController.swift */,
				20EC777F2415019900A1B6BA /* TextFieldTableViewCell.swift */,
			);
			path = Controller;
			sourceTree = "<group>";
		};
		65F50AC9234F71B4006A1767 /* TarBar */ = {
			isa = PBXGroup;
			children = (
				65F50ACA234F71D8006A1767 /* tabBarViewController.swift */,
			);
			path = TarBar;
			sourceTree = "<group>";
		};
/* End PBXGroup section */

/* Begin PBXNativeTarget section */
		659EB1B6232CEF6D00BF433B /* SNP_TW16 */ = {
			isa = PBXNativeTarget;
			buildConfigurationList = 659EB1C9232CEF6E00BF433B /* Build configuration list for PBXNativeTarget "SNP_TW16" */;
			buildPhases = (
				F233AD3D7831B452C5BFFACB /* [CP] Check Pods Manifest.lock */,
				659EB1B3232CEF6D00BF433B /* Sources */,
				659EB1B4232CEF6D00BF433B /* Frameworks */,
				659EB1B5232CEF6D00BF433B /* Resources */,
				2C4B16FD20A81E9A4CA92AA1 /* [CP] Embed Pods Frameworks */,
			);
			buildRules = (
			);
			dependencies = (
			);
			name = SNP_TW16;
			productName = SNP_TW16;
			productReference = 659EB1B7232CEF6D00BF433B /* SNP_TW16.app */;
			productType = "com.apple.product-type.application";
		};
/* End PBXNativeTarget section */

/* Begin PBXProject section */
		659EB1AF232CEF6D00BF433B /* Project object */ = {
			isa = PBXProject;
			attributes = {
				LastSwiftUpdateCheck = 1030;
				LastUpgradeCheck = 1030;
				ORGANIZATIONNAME = guide;
				TargetAttributes = {
					659EB1B6232CEF6D00BF433B = {
						CreatedOnToolsVersion = 10.3;
					};
				};
			};
			buildConfigurationList = 659EB1B2232CEF6D00BF433B /* Build configuration list for PBXProject "SNP_TW16" */;
			compatibilityVersion = "Xcode 9.3";
			developmentRegion = en;
			hasScannedForEncodings = 0;
			knownRegions = (
				en,
				Base,
			);
			mainGroup = 659EB1AE232CEF6D00BF433B;
			productRefGroup = 659EB1B8232CEF6D00BF433B /* Products */;
			projectDirPath = "";
			projectRoot = "";
			targets = (
				659EB1B6232CEF6D00BF433B /* SNP_TW16 */,
			);
		};
/* End PBXProject section */

/* Begin PBXResourcesBuildPhase section */
		659EB1B5232CEF6D00BF433B /* Resources */ = {
			isa = PBXResourcesBuildPhase;
			buildActionMask = 2147483647;
			files = (
				20F071BB241C6E0A005FF642 /* BaiJamjuree-Light.ttf in Resources */,
				20F071B5241C6E0A005FF642 /* BaiJamjuree-Regular.ttf in Resources */,
				20F071BC241C6E0A005FF642 /* BaiJamjuree-Italic.ttf in Resources */,
				20F071B7241C6E0A005FF642 /* BaiJamjuree-SemiBoldItalic.ttf in Resources */,
				20F071B8241C6E0A005FF642 /* BaiJamjuree-ExtraLightItalic.ttf in Resources */,
				659EB1C5232CEF6E00BF433B /* LaunchScreen.storyboard in Resources */,
				20F071BD241C6E0A005FF642 /* BaiJamjuree-Bold.ttf in Resources */,
				20F071B4241C6E0A005FF642 /* BaiJamjuree-MediumItalic.ttf in Resources */,
				20F071B9241C6E0A005FF642 /* BaiJamjuree-BoldItalic.ttf in Resources */,
				659EB1C2232CEF6E00BF433B /* Assets.xcassets in Resources */,
				20F071B6241C6E0A005FF642 /* BaiJamjuree-SemiBold.ttf in Resources */,
				20F071B3241C6E0A005FF642 /* BaiJamjuree-LightItalic.ttf in Resources */,
				20F071B2241C6E0A005FF642 /* BaiJamjuree-ExtraLight.ttf in Resources */,
				659EB1D6232CF06500BF433B /* Poppins-Regular.ttf in Resources */,
				20F071BA241C6E0A005FF642 /* BaiJamjuree-Medium.ttf in Resources */,
			);
			runOnlyForDeploymentPostprocessing = 0;
		};
/* End PBXResourcesBuildPhase section */

/* Begin PBXShellScriptBuildPhase section */
		2C4B16FD20A81E9A4CA92AA1 /* [CP] Embed Pods Frameworks */ = {
			isa = PBXShellScriptBuildPhase;
			buildActionMask = 2147483647;
			files = (
			);
			inputFileListPaths = (
				"${PODS_ROOT}/Target Support Files/Pods-SNP_TW16/Pods-SNP_TW16-frameworks-${CONFIGURATION}-input-files.xcfilelist",
			);
			name = "[CP] Embed Pods Frameworks";
			outputFileListPaths = (
				"${PODS_ROOT}/Target Support Files/Pods-SNP_TW16/Pods-SNP_TW16-frameworks-${CONFIGURATION}-output-files.xcfilelist",
			);
			runOnlyForDeploymentPostprocessing = 0;
			shellPath = /bin/sh;
			shellScript = "\"${PODS_ROOT}/Target Support Files/Pods-SNP_TW16/Pods-SNP_TW16-frameworks.sh\"\n";
			showEnvVarsInLog = 0;
		};
		F233AD3D7831B452C5BFFACB /* [CP] Check Pods Manifest.lock */ = {
			isa = PBXShellScriptBuildPhase;
			buildActionMask = 2147483647;
			files = (
			);
			inputFileListPaths = (
			);
			inputPaths = (
				"${PODS_PODFILE_DIR_PATH}/Podfile.lock",
				"${PODS_ROOT}/Manifest.lock",
			);
			name = "[CP] Check Pods Manifest.lock";
			outputFileListPaths = (
			);
			outputPaths = (
				"$(DERIVED_FILE_DIR)/Pods-SNP_TW16-checkManifestLockResult.txt",
			);
			runOnlyForDeploymentPostprocessing = 0;
			shellPath = /bin/sh;
			shellScript = "diff \"${PODS_PODFILE_DIR_PATH}/Podfile.lock\" \"${PODS_ROOT}/Manifest.lock\" > /dev/null\nif [ $? != 0 ] ; then\n    # print error to STDERR\n    echo \"error: The sandbox is not in sync with the Podfile.lock. Run 'pod install' or update your CocoaPods installation.\" >&2\n    exit 1\nfi\n# This output is used by Xcode 'outputs' to avoid re-running this script phase.\necho \"SUCCESS\" > \"${SCRIPT_OUTPUT_FILE_0}\"\n";
			showEnvVarsInLog = 0;
		};
/* End PBXShellScriptBuildPhase section */

/* Begin PBXSourcesBuildPhase section */
		659EB1B3232CEF6D00BF433B /* Sources */ = {
			isa = PBXSourcesBuildPhase;
			buildActionMask = 2147483647;
			files = (
				6589B41223F828C70047DC9E /* InviteActivityViewController.swift in Sources */,
				6543825323CB3A030062399D /* ActivityType.swift in Sources */,
				657C548823BA82FF00B32EC6 /* EmergencyView.swift in Sources */,
				20F071C8241D4833005FF642 /* TileStoryViewCell.swift in Sources */,
				6506942823ACC5E700A045E6 /* DetailActivityViewController.swift in Sources */,
				20F071C1241D3C59005FF642 /* HeaderMusic.swift in Sources */,
				6574B2EA23DD61D0005E82DF /* DecideViewCell.swift in Sources */,
				65B0164023AAF95200EBB76A /* AcivityListTableViewCell.swift in Sources */,
				65B0164423AB152600EBB76A /* Comment.swift in Sources */,
				20F03C55241A568600ABB7DB /* notiModal.swift in Sources */,
				654E850A23C1007E001E2508 /* HeaderActivity.swift in Sources */,
				20D9556024334DE30060D3F8 /* titleDecideChoiceViwe.swift in Sources */,
				659EB1CD232CF05E00BF433B /* Extensions.swift in Sources */,
				65DD3CDA23AD45B9008C5EA5 /* SearchTableViewCell.swift in Sources */,
				20D9556524344C240060D3F8 /* Choice.swift in Sources */,
				20AEF7BD243B33DA00187214 /* AlertCompleteJoinViewController.swift in Sources */,
				20F071D0241DC71F005FF642 /* DetailStoryViewController.swift in Sources */,
				65DBB65323E447210081F9BE /* titleListPostViewCell.swift in Sources */,
				20D9556224334E7B0060D3F8 /* DecideChoiceUserView.swift in Sources */,
				20F43249241DE56E0016F251 /* TitleMusicViewCell.swift in Sources */,
				6589101423E204DA007E5DF0 /* ListActTitleType.swift in Sources */,
				20EBE1C0243B8E7800DED133 /* AlertEditProfileViewController.swift in Sources */,
				65D0708123DC482E00A41ABA /* grapViewController.swift in Sources */,
				65B0164A23AB6C3B00EBB76A /* CreateViewController.swift in Sources */,
				20F071C3241D4552005FF642 /* TitleStoryTableView.swift in Sources */,
				65DB237223DA16ED00E71500 /* ActivityTypeTableViewController.swift in Sources */,
				20110BDD243EE97F0080E129 /* AlertCancelJoinViewController.swift in Sources */,
				6589100623E174F4007E5DF0 /* TestCheckBoxTableView.swift in Sources */,
				20D9555E2433488C0060D3F8 /* DecideChoiceViewController.swift in Sources */,
				20EB4439241810FA009EDDE6 /* NotificationTableView.swift in Sources */,
				65E4E09D23BFA99E00D0F108 /* AddTelView.swift in Sources */,
				20F071BF241D38A1005FF642 /* HeaderReligion.swift in Sources */,
				6560B4152333F4CC00F53D26 /* MobileOtpViewController.swift in Sources */,
				65DBB64F23E442CF0081F9BE /* titleListActivityViewCell.swift in Sources */,
				65BADF5A23F2ACBD00DAEAD1 /* editProfileView.swift in Sources */,
				65B0164723AB2BCC00EBB76A /* LoginViewController.swift in Sources */,
				20F4326E241DFA900016F251 /* TestVideoController.swift in Sources */,
				20EC77802415019900A1B6BA /* TextFieldTableViewCell.swift in Sources */,
				6589101623E22498007E5DF0 /* TitleFavoriteView.swift in Sources */,
				654936A823C1CDF600B190A1 /* SubActivityTypeTableViewController.swift in Sources */,
				202CCAB82415608500DB3B26 /* NotificationView.swift in Sources */,
				65F50AD2234F9385006A1767 /* CommunViewController.swift in Sources */,
				20110BDF243F28B20080E129 /* PostActivityUserViewController.swift in Sources */,
				654F379923C9A1F9009259A3 /* CommentTableView.swift in Sources */,
				20D6F1AD2425E95600F315EF /* NotificationColumnPost.swift in Sources */,
				20EBE1BE243B75DC00DED133 /* AlertDecideAfterSection2ViewController.swift in Sources */,
				65DBB65523E447A90081F9BE /* listPostUserTableView.swift in Sources */,
				20E8B0B1243A4C3900DE68C1 /* AlertJoinViewController.swift in Sources */,
				657C548623BA827E00B32EC6 /* EmergencyViewController.swift in Sources */,
				20F43247241DE06C0016F251 /* TitleMusicTableView.swift in Sources */,
				20AEF7C1243B392C00187214 /* AlertDecideAfterViewController.swift in Sources */,
				6589100823E17B61007E5DF0 /* TitleTableVIiewCellTest.swift in Sources */,
				20E7EF842419A85100DCE89F /* editPostUserViewController.swift in Sources */,
				20F071CA241D491B005FF642 /* ReligionTableView.swift in Sources */,
				6589100B23E17E08007E5DF0 /* DiseaseTableViewCell.swift in Sources */,
				20EB443D24181535009EDDE6 /* NotificationColumn.swift in Sources */,
				659EB1BB232CEF6D00BF433B /* AppDelegate.swift in Sources */,
				20EBE4B22435E07B00A35E51 /* feeldecideModel.swift in Sources */,
				657C547E23BA7CE600B32EC6 /* TitleTableViewCell.swift in Sources */,
				20D8B0692444D723005B2542 /* MJBadgeBarButton.swift in Sources */,
				6580827E23BCA3650092B0D6 /* Emergency.swift in Sources */,
				65B9171723D783F200F13190 /* Relative.swift in Sources */,
				20F071C6241D47B8005FF642 /* TitleReligionViewCell.swift in Sources */,
				20EB443B241812FD009EDDE6 /* NotificationTitle.swift in Sources */,
				6574B2E623DD6113005E82DF /* DecideViewController.swift in Sources */,
				6535A3F623CD6A8A0005027F /* Community.swift in Sources */,
				2033A2C5240F614400B38FED /* barChartViewController.swift in Sources */,
				6564EE5723EECE2100FB9400 /* InputCommentViewController.swift in Sources */,
				65DB237423DA21C300E71500 /* TypeActivityView.swift in Sources */,
				6589100F23E186A8007E5DF0 /* CheckBoxTableViewCell.swift in Sources */,
				20EBE1C2243B905D00DED133 /* AlertEditProfileCompleteViewController.swift in Sources */,
				65F50ACB234F71D8006A1767 /* tabBarViewController.swift in Sources */,
				6508F0E023C272D00034F355 /* ActivityHeaderViewCell.swift in Sources */,
				65DBB64923E403120081F9BE /* Profile.swift in Sources */,
				20F4324B241DE5C50016F251 /* MusicViewCell.swift in Sources */,
				6580828423BDF3F70092B0D6 /* ProfileVIewController.swift in Sources */,
				207F518824372D8D00F36A6D /* favouriteModelView.swift in Sources */,
				657C548A23BA837D00B32EC6 /* DetailEmergencyView.swift in Sources */,
				20ED2C752403D6FF00EC9772 /* DecideAfterViewController.swift in Sources */,
				20EBE1C5243C87D600DED133 /* AlertRegisterViewController.swift in Sources */,
				20D8B06B2444DB4C005B2542 /* testViewforseg.swift in Sources */,
				6574B2E423DD4246005E82DF /* layoutTableViewCell.swift in Sources */,
				654936AA23C1EAA000B190A1 /* ContentActivityViewController.swift in Sources */,
				6589100D23E17F79007E5DF0 /* ConfirmTableViewCell.swift in Sources */,
				6560B41223332EFF00F53D26 /* OtpViewController.swift in Sources */,
				65E156D723AA091700CC3856 /* MainActivityViewController.swift in Sources */,
				65811B4223B8FB4300351DA9 /* ActivityPageViewController.swift in Sources */,
				20F071CE241D5415005FF642 /* DetailReligionViewController.swift in Sources */,
				65B9171B23D9C28500F13190 /* ListRelatuveView.swift in Sources */,
				20F03C57241B421C00ABB7DB /* NotificationContent.swift in Sources */,
				652DDEE623A9BB2B00AF79D3 /* RecordViewController.swift in Sources */,
				65B9171923D9A46100F13190 /* CreateRelativeTelView.swift in Sources */,
				20EA7EEB2434654900838F18 /* ChoiceCommitView.swift in Sources */,
				6580BEB8232D380500B6C621 /* RegisterViewController.swift in Sources */,
				65DBB64D23E42A230081F9BE /* listFavoriteViewCell.swift in Sources */,
				20F071CC241D492E005FF642 /* StroyTableView.swift in Sources */,
			);
			runOnlyForDeploymentPostprocessing = 0;
		};
/* End PBXSourcesBuildPhase section */

/* Begin PBXVariantGroup section */
		659EB1C3232CEF6E00BF433B /* LaunchScreen.storyboard */ = {
			isa = PBXVariantGroup;
			children = (
				659EB1C4232CEF6E00BF433B /* Base */,
			);
			name = LaunchScreen.storyboard;
			sourceTree = "<group>";
		};
/* End PBXVariantGroup section */

/* Begin XCBuildConfiguration section */
		659EB1C7232CEF6E00BF433B /* Debug */ = {
			isa = XCBuildConfiguration;
			buildSettings = {
				ALWAYS_SEARCH_USER_PATHS = NO;
				CLANG_ANALYZER_NONNULL = YES;
				CLANG_ANALYZER_NUMBER_OBJECT_CONVERSION = YES_AGGRESSIVE;
				CLANG_CXX_LANGUAGE_STANDARD = "gnu++14";
				CLANG_CXX_LIBRARY = "libc++";
				CLANG_ENABLE_MODULES = YES;
				CLANG_ENABLE_OBJC_ARC = YES;
				CLANG_ENABLE_OBJC_WEAK = YES;
				CLANG_WARN_BLOCK_CAPTURE_AUTORELEASING = YES;
				CLANG_WARN_BOOL_CONVERSION = YES;
				CLANG_WARN_COMMA = YES;
				CLANG_WARN_CONSTANT_CONVERSION = YES;
				CLANG_WARN_DEPRECATED_OBJC_IMPLEMENTATIONS = YES;
				CLANG_WARN_DIRECT_OBJC_ISA_USAGE = YES_ERROR;
				CLANG_WARN_DOCUMENTATION_COMMENTS = YES;
				CLANG_WARN_EMPTY_BODY = YES;
				CLANG_WARN_ENUM_CONVERSION = YES;
				CLANG_WARN_INFINITE_RECURSION = YES;
				CLANG_WARN_INT_CONVERSION = YES;
				CLANG_WARN_NON_LITERAL_NULL_CONVERSION = YES;
				CLANG_WARN_OBJC_IMPLICIT_RETAIN_SELF = YES;
				CLANG_WARN_OBJC_LITERAL_CONVERSION = YES;
				CLANG_WARN_OBJC_ROOT_CLASS = YES_ERROR;
				CLANG_WARN_RANGE_LOOP_ANALYSIS = YES;
				CLANG_WARN_STRICT_PROTOTYPES = YES;
				CLANG_WARN_SUSPICIOUS_MOVE = YES;
				CLANG_WARN_UNGUARDED_AVAILABILITY = YES_AGGRESSIVE;
				CLANG_WARN_UNREACHABLE_CODE = YES;
				CLANG_WARN__DUPLICATE_METHOD_MATCH = YES;
				CODE_SIGN_IDENTITY = "iPhone Developer";
				COPY_PHASE_STRIP = NO;
				DEBUG_INFORMATION_FORMAT = dwarf;
				ENABLE_STRICT_OBJC_MSGSEND = YES;
				ENABLE_TESTABILITY = YES;
				GCC_C_LANGUAGE_STANDARD = gnu11;
				GCC_DYNAMIC_NO_PIC = NO;
				GCC_NO_COMMON_BLOCKS = YES;
				GCC_OPTIMIZATION_LEVEL = 0;
				GCC_PREPROCESSOR_DEFINITIONS = (
					"DEBUG=1",
					"$(inherited)",
				);
				GCC_WARN_64_TO_32_BIT_CONVERSION = YES;
				GCC_WARN_ABOUT_RETURN_TYPE = YES_ERROR;
				GCC_WARN_UNDECLARED_SELECTOR = YES;
				GCC_WARN_UNINITIALIZED_AUTOS = YES_AGGRESSIVE;
				GCC_WARN_UNUSED_FUNCTION = YES;
				GCC_WARN_UNUSED_VARIABLE = YES;
				IPHONEOS_DEPLOYMENT_TARGET = 12.4;
				MTL_ENABLE_DEBUG_INFO = INCLUDE_SOURCE;
				MTL_FAST_MATH = YES;
				ONLY_ACTIVE_ARCH = YES;
				SDKROOT = iphoneos;
				SWIFT_ACTIVE_COMPILATION_CONDITIONS = DEBUG;
				SWIFT_OPTIMIZATION_LEVEL = "-Onone";
			};
			name = Debug;
		};
		659EB1C8232CEF6E00BF433B /* Release */ = {
			isa = XCBuildConfiguration;
			buildSettings = {
				ALWAYS_SEARCH_USER_PATHS = NO;
				CLANG_ANALYZER_NONNULL = YES;
				CLANG_ANALYZER_NUMBER_OBJECT_CONVERSION = YES_AGGRESSIVE;
				CLANG_CXX_LANGUAGE_STANDARD = "gnu++14";
				CLANG_CXX_LIBRARY = "libc++";
				CLANG_ENABLE_MODULES = YES;
				CLANG_ENABLE_OBJC_ARC = YES;
				CLANG_ENABLE_OBJC_WEAK = YES;
				CLANG_WARN_BLOCK_CAPTURE_AUTORELEASING = YES;
				CLANG_WARN_BOOL_CONVERSION = YES;
				CLANG_WARN_COMMA = YES;
				CLANG_WARN_CONSTANT_CONVERSION = YES;
				CLANG_WARN_DEPRECATED_OBJC_IMPLEMENTATIONS = YES;
				CLANG_WARN_DIRECT_OBJC_ISA_USAGE = YES_ERROR;
				CLANG_WARN_DOCUMENTATION_COMMENTS = YES;
				CLANG_WARN_EMPTY_BODY = YES;
				CLANG_WARN_ENUM_CONVERSION = YES;
				CLANG_WARN_INFINITE_RECURSION = YES;
				CLANG_WARN_INT_CONVERSION = YES;
				CLANG_WARN_NON_LITERAL_NULL_CONVERSION = YES;
				CLANG_WARN_OBJC_IMPLICIT_RETAIN_SELF = YES;
				CLANG_WARN_OBJC_LITERAL_CONVERSION = YES;
				CLANG_WARN_OBJC_ROOT_CLASS = YES_ERROR;
				CLANG_WARN_RANGE_LOOP_ANALYSIS = YES;
				CLANG_WARN_STRICT_PROTOTYPES = YES;
				CLANG_WARN_SUSPICIOUS_MOVE = YES;
				CLANG_WARN_UNGUARDED_AVAILABILITY = YES_AGGRESSIVE;
				CLANG_WARN_UNREACHABLE_CODE = YES;
				CLANG_WARN__DUPLICATE_METHOD_MATCH = YES;
				CODE_SIGN_IDENTITY = "iPhone Developer";
				COPY_PHASE_STRIP = NO;
				DEBUG_INFORMATION_FORMAT = "dwarf-with-dsym";
				ENABLE_NS_ASSERTIONS = NO;
				ENABLE_STRICT_OBJC_MSGSEND = YES;
				GCC_C_LANGUAGE_STANDARD = gnu11;
				GCC_NO_COMMON_BLOCKS = YES;
				GCC_WARN_64_TO_32_BIT_CONVERSION = YES;
				GCC_WARN_ABOUT_RETURN_TYPE = YES_ERROR;
				GCC_WARN_UNDECLARED_SELECTOR = YES;
				GCC_WARN_UNINITIALIZED_AUTOS = YES_AGGRESSIVE;
				GCC_WARN_UNUSED_FUNCTION = YES;
				GCC_WARN_UNUSED_VARIABLE = YES;
				IPHONEOS_DEPLOYMENT_TARGET = 12.4;
				MTL_ENABLE_DEBUG_INFO = NO;
				MTL_FAST_MATH = YES;
				SDKROOT = iphoneos;
				SWIFT_COMPILATION_MODE = wholemodule;
				SWIFT_OPTIMIZATION_LEVEL = "-O";
				VALIDATE_PRODUCT = YES;
			};
			name = Release;
		};
		659EB1CA232CEF6E00BF433B /* Debug */ = {
			isa = XCBuildConfiguration;
			baseConfigurationReference = 30712429F1B664DA3DA42017 /* Pods-SNP_TW16.debug.xcconfig */;
			buildSettings = {
				ASSETCATALOG_COMPILER_APPICON_NAME = AppIcon;
				CODE_SIGN_ENTITLEMENTS = SNP_TW16/SNP_TW16.entitlements;
				CODE_SIGN_STYLE = Automatic;
				DEVELOPMENT_TEAM = G3Z6Q26APU;
				INFOPLIST_FILE = SNP_TW16/Info.plist;
				IPHONEOS_DEPLOYMENT_TARGET = 12.1;
				LD_RUNPATH_SEARCH_PATHS = (
					"$(inherited)",
					"@executable_path/Frameworks",
				);
				PRODUCT_BUNDLE_IDENTIFIER = com.pongsakorn.Alder;
				PRODUCT_NAME = "$(TARGET_NAME)";
				SWIFT_VERSION = 5.0;
				TARGETED_DEVICE_FAMILY = 1;
			};
			name = Debug;
		};
		659EB1CB232CEF6E00BF433B /* Release */ = {
			isa = XCBuildConfiguration;
			baseConfigurationReference = 592585A21BEB8AFA078EEE87 /* Pods-SNP_TW16.release.xcconfig */;
			buildSettings = {
				ASSETCATALOG_COMPILER_APPICON_NAME = AppIcon;
				CODE_SIGN_ENTITLEMENTS = SNP_TW16/SNP_TW16.entitlements;
				CODE_SIGN_STYLE = Automatic;
				DEVELOPMENT_TEAM = G3Z6Q26APU;
				INFOPLIST_FILE = SNP_TW16/Info.plist;
				IPHONEOS_DEPLOYMENT_TARGET = 12.1;
				LD_RUNPATH_SEARCH_PATHS = (
					"$(inherited)",
					"@executable_path/Frameworks",
				);
				PRODUCT_BUNDLE_IDENTIFIER = com.pongsakorn.Alder;
				PRODUCT_NAME = "$(TARGET_NAME)";
				SWIFT_VERSION = 5.0;
				TARGETED_DEVICE_FAMILY = 1;
			};
			name = Release;
		};
/* End XCBuildConfiguration section */

/* Begin XCConfigurationList section */
		659EB1B2232CEF6D00BF433B /* Build configuration list for PBXProject "SNP_TW16" */ = {
			isa = XCConfigurationList;
			buildConfigurations = (
				659EB1C7232CEF6E00BF433B /* Debug */,
				659EB1C8232CEF6E00BF433B /* Release */,
			);
			defaultConfigurationIsVisible = 0;
			defaultConfigurationName = Release;
		};
		659EB1C9232CEF6E00BF433B /* Build configuration list for PBXNativeTarget "SNP_TW16" */ = {
			isa = XCConfigurationList;
			buildConfigurations = (
				659EB1CA232CEF6E00BF433B /* Debug */,
				659EB1CB232CEF6E00BF433B /* Release */,
			);
			defaultConfigurationIsVisible = 0;
			defaultConfigurationName = Release;
		};
/* End XCConfigurationList section */
	};
	rootObject = 659EB1AF232CEF6D00BF433B /* Project object */;
}
