// !$*UTF8*$!
{
	archiveVersion = 1;
	classes = {
	};
	objectVersion = 51;
	objects = {

/* Begin PBXBuildFile section */
		6506942823ACC5E700A045E6 /* DetailActivityViewController.swift in Sources */ = {isa = PBXBuildFile; fileRef = 6506942723ACC5E700A045E6 /* DetailActivityViewController.swift */; };
		6508F0E023C272D00034F355 /* ActivityHeaderViewCell.swift in Sources */ = {isa = PBXBuildFile; fileRef = 6508F0DF23C272D00034F355 /* ActivityHeaderViewCell.swift */; };
		652DDEE623A9BB2B00AF79D3 /* RecordViewController.swift in Sources */ = {isa = PBXBuildFile; fileRef = 652DDEE523A9BB2B00AF79D3 /* RecordViewController.swift */; };
		652DDEE823A9C91900AF79D3 /* ImpressViewController.swift in Sources */ = {isa = PBXBuildFile; fileRef = 652DDEE723A9C91900AF79D3 /* ImpressViewController.swift */; };
		6535A3F623CD6A8A0005027F /* Community.swift in Sources */ = {isa = PBXBuildFile; fileRef = 6535A3F523CD6A8A0005027F /* Community.swift */; };
		6543825123CAF23C0062399D /* AssessAfterController.swift in Sources */ = {isa = PBXBuildFile; fileRef = 6543825023CAF23C0062399D /* AssessAfterController.swift */; };
		6543825323CB3A030062399D /* ActivityType.swift in Sources */ = {isa = PBXBuildFile; fileRef = 6543825223CB3A030062399D /* ActivityType.swift */; };
		654936A823C1CDF600B190A1 /* SubActivityTypeTableViewController.swift in Sources */ = {isa = PBXBuildFile; fileRef = 654936A723C1CDF600B190A1 /* SubActivityTypeTableViewController.swift */; };
		654936AA23C1EAA000B190A1 /* ContentActivityViewController.swift in Sources */ = {isa = PBXBuildFile; fileRef = 654936A923C1EAA000B190A1 /* ContentActivityViewController.swift */; };
		654E850A23C1007E001E2508 /* HeaderActivity.swift in Sources */ = {isa = PBXBuildFile; fileRef = 654E850923C1007E001E2508 /* HeaderActivity.swift */; };
		654F378C23C96238009259A3 /* AssessVIewController.swift in Sources */ = {isa = PBXBuildFile; fileRef = 654F378B23C96238009259A3 /* AssessVIewController.swift */; };
		654F379723C9976B009259A3 /* InsideViewController.swift in Sources */ = {isa = PBXBuildFile; fileRef = 654F379623C9976B009259A3 /* InsideViewController.swift */; };
		654F379923C9A1F9009259A3 /* CommentTableView.swift in Sources */ = {isa = PBXBuildFile; fileRef = 654F379823C9A1F9009259A3 /* CommentTableView.swift */; };
		6560B41223332EFF00F53D26 /* OtpViewController.swift in Sources */ = {isa = PBXBuildFile; fileRef = 6560B41123332EFF00F53D26 /* OtpViewController.swift */; };
		6560B4152333F4CC00F53D26 /* MobileOtpViewController.swift in Sources */ = {isa = PBXBuildFile; fileRef = 6560B4142333F4CC00F53D26 /* MobileOtpViewController.swift */; };
		6564EE5723EECE2100FB9400 /* InputCommentViewController.swift in Sources */ = {isa = PBXBuildFile; fileRef = 6564EE5623EECE2000FB9400 /* InputCommentViewController.swift */; };
		6574B2E423DD4246005E82DF /* layoutTableViewCell.swift in Sources */ = {isa = PBXBuildFile; fileRef = 6574B2E323DD4246005E82DF /* layoutTableViewCell.swift */; };
		6574B2E623DD6113005E82DF /* DecideViewController.swift in Sources */ = {isa = PBXBuildFile; fileRef = 6574B2E523DD6113005E82DF /* DecideViewController.swift */; };
		6574B2EA23DD61D0005E82DF /* DecideViewCell.swift in Sources */ = {isa = PBXBuildFile; fileRef = 6574B2E923DD61D0005E82DF /* DecideViewCell.swift */; };
		657C547E23BA7CE600B32EC6 /* TitleTableViewCell.swift in Sources */ = {isa = PBXBuildFile; fileRef = 657C547D23BA7CE600B32EC6 /* TitleTableViewCell.swift */; };
		657C548623BA827E00B32EC6 /* EmergencyViewController.swift in Sources */ = {isa = PBXBuildFile; fileRef = 657C548523BA827E00B32EC6 /* EmergencyViewController.swift */; };
		657C548823BA82FF00B32EC6 /* EmergencyView.swift in Sources */ = {isa = PBXBuildFile; fileRef = 657C548723BA82FF00B32EC6 /* EmergencyView.swift */; };
		657C548A23BA837D00B32EC6 /* DetailEmergencyView.swift in Sources */ = {isa = PBXBuildFile; fileRef = 657C548923BA837D00B32EC6 /* DetailEmergencyView.swift */; };
		6580827E23BCA3650092B0D6 /* Emergency.swift in Sources */ = {isa = PBXBuildFile; fileRef = 6580827D23BCA3650092B0D6 /* Emergency.swift */; };
		6580828423BDF3F70092B0D6 /* ProfileVIewController.swift in Sources */ = {isa = PBXBuildFile; fileRef = 6580828323BDF3F70092B0D6 /* ProfileVIewController.swift */; };
		6580BEB8232D380500B6C621 /* RegisterViewController.swift in Sources */ = {isa = PBXBuildFile; fileRef = 6580BEB7232D380500B6C621 /* RegisterViewController.swift */; };
		65811B4223B8FB4300351DA9 /* ActivityPageViewController.swift in Sources */ = {isa = PBXBuildFile; fileRef = 65811B4123B8FB4300351DA9 /* ActivityPageViewController.swift */; };
		6586072317A820DD7F72C621 /* Pods_SNP_TW16.framework in Frameworks */ = {isa = PBXBuildFile; fileRef = C583B26937BC0D763C2E1701 /* Pods_SNP_TW16.framework */; };
		6589100623E174F4007E5DF0 /* TestCheckBoxTableView.swift in Sources */ = {isa = PBXBuildFile; fileRef = 6589100523E174F4007E5DF0 /* TestCheckBoxTableView.swift */; };
		6589100823E17B61007E5DF0 /* TitleTableVIiewCellTest.swift in Sources */ = {isa = PBXBuildFile; fileRef = 6589100723E17B61007E5DF0 /* TitleTableVIiewCellTest.swift */; };
		6589100B23E17E08007E5DF0 /* DiseaseTableViewCell.swift in Sources */ = {isa = PBXBuildFile; fileRef = 6589100A23E17E08007E5DF0 /* DiseaseTableViewCell.swift */; };
		6589100D23E17F79007E5DF0 /* ConfirmTableViewCell.swift in Sources */ = {isa = PBXBuildFile; fileRef = 6589100C23E17F79007E5DF0 /* ConfirmTableViewCell.swift */; };
		6589100F23E186A8007E5DF0 /* CheckBoxTableViewCell.swift in Sources */ = {isa = PBXBuildFile; fileRef = 6589100E23E186A8007E5DF0 /* CheckBoxTableViewCell.swift */; };
		6589101423E204DA007E5DF0 /* ListActTitleType.swift in Sources */ = {isa = PBXBuildFile; fileRef = 6589101323E204DA007E5DF0 /* ListActTitleType.swift */; };
		6589101623E22498007E5DF0 /* TitleFavoriteView.swift in Sources */ = {isa = PBXBuildFile; fileRef = 6589101523E22497007E5DF0 /* TitleFavoriteView.swift */; };
		6589B41223F828C70047DC9E /* InviteActivityViewController.swift in Sources */ = {isa = PBXBuildFile; fileRef = 6589B41123F828C70047DC9E /* InviteActivityViewController.swift */; };
		659EB1BB232CEF6D00BF433B /* AppDelegate.swift in Sources */ = {isa = PBXBuildFile; fileRef = 659EB1BA232CEF6D00BF433B /* AppDelegate.swift */; };
		659EB1C2232CEF6E00BF433B /* Assets.xcassets in Resources */ = {isa = PBXBuildFile; fileRef = 659EB1C1232CEF6E00BF433B /* Assets.xcassets */; };
		659EB1C5232CEF6E00BF433B /* LaunchScreen.storyboard in Resources */ = {isa = PBXBuildFile; fileRef = 659EB1C3232CEF6E00BF433B /* LaunchScreen.storyboard */; };
		659EB1CD232CF05E00BF433B /* Extensions.swift in Sources */ = {isa = PBXBuildFile; fileRef = 659EB1CC232CF05E00BF433B /* Extensions.swift */; };
		659EB1D4232CF06500BF433B /* Poppins-Light.ttf in Resources */ = {isa = PBXBuildFile; fileRef = 659EB1CF232CF06500BF433B /* Poppins-Light.ttf */; };
		659EB1D5232CF06500BF433B /* Poppins-Medium.ttf in Resources */ = {isa = PBXBuildFile; fileRef = 659EB1D0232CF06500BF433B /* Poppins-Medium.ttf */; };
		659EB1D6232CF06500BF433B /* Poppins-Regular.ttf in Resources */ = {isa = PBXBuildFile; fileRef = 659EB1D1232CF06500BF433B /* Poppins-Regular.ttf */; };
		659EB1D7232CF06500BF433B /* Poppins-Bold.ttf in Resources */ = {isa = PBXBuildFile; fileRef = 659EB1D2232CF06500BF433B /* Poppins-Bold.ttf */; };
		659EB1D8232CF06500BF433B /* Poppins-MediumItalic.ttf in Resources */ = {isa = PBXBuildFile; fileRef = 659EB1D3232CF06500BF433B /* Poppins-MediumItalic.ttf */; };
		65B0164023AAF95200EBB76A /* AcivityListTableViewCell.swift in Sources */ = {isa = PBXBuildFile; fileRef = 65B0163F23AAF95200EBB76A /* AcivityListTableViewCell.swift */; };
		65B0164423AB152600EBB76A /* Comment.swift in Sources */ = {isa = PBXBuildFile; fileRef = 65B0164323AB152600EBB76A /* Comment.swift */; };
		65B0164723AB2BCC00EBB76A /* LoginViewController.swift in Sources */ = {isa = PBXBuildFile; fileRef = 65B0164623AB2BCC00EBB76A /* LoginViewController.swift */; };
		65B0164A23AB6C3B00EBB76A /* CreateViewController.swift in Sources */ = {isa = PBXBuildFile; fileRef = 65B0164923AB6C3B00EBB76A /* CreateViewController.swift */; };
		65B9171723D783F200F13190 /* Relative.swift in Sources */ = {isa = PBXBuildFile; fileRef = 65B9171623D783F200F13190 /* Relative.swift */; };
		65B9171923D9A46100F13190 /* CreateRelativeTelView.swift in Sources */ = {isa = PBXBuildFile; fileRef = 65B9171823D9A46100F13190 /* CreateRelativeTelView.swift */; };
		65B9171B23D9C28500F13190 /* ListRelatuveView.swift in Sources */ = {isa = PBXBuildFile; fileRef = 65B9171A23D9C28500F13190 /* ListRelatuveView.swift */; };
		65BADF5A23F2ACBD00DAEAD1 /* editProfileView.swift in Sources */ = {isa = PBXBuildFile; fileRef = 65BADF5923F2ACBD00DAEAD1 /* editProfileView.swift */; };
		65BDE0BD23D0D7B600266DEF /* ConfirmViewController.swift in Sources */ = {isa = PBXBuildFile; fileRef = 65BDE0BC23D0D7B600266DEF /* ConfirmViewController.swift */; };
		65D0708123DC482E00A41ABA /* grapViewController.swift in Sources */ = {isa = PBXBuildFile; fileRef = 65D0708023DC482E00A41ABA /* grapViewController.swift */; };
		65DB237223DA16ED00E71500 /* ActivityTypeTableViewController.swift in Sources */ = {isa = PBXBuildFile; fileRef = 65DB237123DA16ED00E71500 /* ActivityTypeTableViewController.swift */; };
		65DB237423DA21C300E71500 /* TypeActivityView.swift in Sources */ = {isa = PBXBuildFile; fileRef = 65DB237323DA21C300E71500 /* TypeActivityView.swift */; };
		65DBB64923E403120081F9BE /* Profile.swift in Sources */ = {isa = PBXBuildFile; fileRef = 65DBB64823E403120081F9BE /* Profile.swift */; };
		65DBB64B23E423EA0081F9BE /* listFavoriteUserTableView.swift in Sources */ = {isa = PBXBuildFile; fileRef = 65DBB64A23E423EA0081F9BE /* listFavoriteUserTableView.swift */; };
		65DBB64D23E42A230081F9BE /* listFavoriteViewCell.swift in Sources */ = {isa = PBXBuildFile; fileRef = 65DBB64C23E42A230081F9BE /* listFavoriteViewCell.swift */; };
		65DBB64F23E442CF0081F9BE /* titleListActivityViewCell.swift in Sources */ = {isa = PBXBuildFile; fileRef = 65DBB64E23E442CF0081F9BE /* titleListActivityViewCell.swift */; };
		65DBB65323E447210081F9BE /* titleListPostViewCell.swift in Sources */ = {isa = PBXBuildFile; fileRef = 65DBB65223E447210081F9BE /* titleListPostViewCell.swift */; };
		65DBB65523E447A90081F9BE /* listPostUserTableView.swift in Sources */ = {isa = PBXBuildFile; fileRef = 65DBB65423E447A90081F9BE /* listPostUserTableView.swift */; };
		65DD3CDA23AD45B9008C5EA5 /* SearchTableViewCell.swift in Sources */ = {isa = PBXBuildFile; fileRef = 65DD3CD923AD45B9008C5EA5 /* SearchTableViewCell.swift */; };
		65E156D723AA091700CC3856 /* MainActivityViewController.swift in Sources */ = {isa = PBXBuildFile; fileRef = 65E156D623AA091700CC3856 /* MainActivityViewController.swift */; };
		65E4E09D23BFA99E00D0F108 /* AddTelView.swift in Sources */ = {isa = PBXBuildFile; fileRef = 65E4E09C23BFA99E00D0F108 /* AddTelView.swift */; };
		65F50ACB234F71D8006A1767 /* tabBarViewController.swift in Sources */ = {isa = PBXBuildFile; fileRef = 65F50ACA234F71D8006A1767 /* tabBarViewController.swift */; };
		65F50AD2234F9385006A1767 /* CommunViewController.swift in Sources */ = {isa = PBXBuildFile; fileRef = 65F50AD1234F9385006A1767 /* CommunViewController.swift */; };
/* End PBXBuildFile section */

/* Begin PBXFileReference section */
		6506942723ACC5E700A045E6 /* DetailActivityViewController.swift */ = {isa = PBXFileReference; lastKnownFileType = sourcecode.swift; path = DetailActivityViewController.swift; sourceTree = "<group>"; };
		6508F0DF23C272D00034F355 /* ActivityHeaderViewCell.swift */ = {isa = PBXFileReference; lastKnownFileType = sourcecode.swift; path = ActivityHeaderViewCell.swift; sourceTree = "<group>"; };
		652DDEE523A9BB2B00AF79D3 /* RecordViewController.swift */ = {isa = PBXFileReference; lastKnownFileType = sourcecode.swift; path = RecordViewController.swift; sourceTree = "<group>"; };
		652DDEE723A9C91900AF79D3 /* ImpressViewController.swift */ = {isa = PBXFileReference; lastKnownFileType = sourcecode.swift; path = ImpressViewController.swift; sourceTree = "<group>"; };
		6535A3F523CD6A8A0005027F /* Community.swift */ = {isa = PBXFileReference; lastKnownFileType = sourcecode.swift; path = Community.swift; sourceTree = "<group>"; };
		6543825023CAF23C0062399D /* AssessAfterController.swift */ = {isa = PBXFileReference; lastKnownFileType = sourcecode.swift; path = AssessAfterController.swift; sourceTree = "<group>"; };
		6543825223CB3A030062399D /* ActivityType.swift */ = {isa = PBXFileReference; lastKnownFileType = sourcecode.swift; path = ActivityType.swift; sourceTree = "<group>"; };
		654936A723C1CDF600B190A1 /* SubActivityTypeTableViewController.swift */ = {isa = PBXFileReference; lastKnownFileType = sourcecode.swift; path = SubActivityTypeTableViewController.swift; sourceTree = "<group>"; };
		654936A923C1EAA000B190A1 /* ContentActivityViewController.swift */ = {isa = PBXFileReference; lastKnownFileType = sourcecode.swift; path = ContentActivityViewController.swift; sourceTree = "<group>"; };
		654E850923C1007E001E2508 /* HeaderActivity.swift */ = {isa = PBXFileReference; lastKnownFileType = sourcecode.swift; path = HeaderActivity.swift; sourceTree = "<group>"; };
		654F378B23C96238009259A3 /* AssessVIewController.swift */ = {isa = PBXFileReference; lastKnownFileType = sourcecode.swift; path = AssessVIewController.swift; sourceTree = "<group>"; };
		654F379623C9976B009259A3 /* InsideViewController.swift */ = {isa = PBXFileReference; lastKnownFileType = sourcecode.swift; path = InsideViewController.swift; sourceTree = "<group>"; };
		654F379823C9A1F9009259A3 /* CommentTableView.swift */ = {isa = PBXFileReference; lastKnownFileType = sourcecode.swift; path = CommentTableView.swift; sourceTree = "<group>"; };
		655799BC234E50540047BAC3 /* SwiftSMS */ = {isa = PBXFileReference; lastKnownFileType = folder; path = SwiftSMS; sourceTree = "<group>"; };
		6560B41123332EFF00F53D26 /* OtpViewController.swift */ = {isa = PBXFileReference; lastKnownFileType = sourcecode.swift; path = OtpViewController.swift; sourceTree = "<group>"; };
		6560B4142333F4CC00F53D26 /* MobileOtpViewController.swift */ = {isa = PBXFileReference; lastKnownFileType = sourcecode.swift; path = MobileOtpViewController.swift; sourceTree = "<group>"; };
		6564EE5623EECE2000FB9400 /* InputCommentViewController.swift */ = {isa = PBXFileReference; lastKnownFileType = sourcecode.swift; path = InputCommentViewController.swift; sourceTree = "<group>"; };
		6574B2E323DD4246005E82DF /* layoutTableViewCell.swift */ = {isa = PBXFileReference; lastKnownFileType = sourcecode.swift; path = layoutTableViewCell.swift; sourceTree = "<group>"; };
		6574B2E523DD6113005E82DF /* DecideViewController.swift */ = {isa = PBXFileReference; lastKnownFileType = sourcecode.swift; path = DecideViewController.swift; sourceTree = "<group>"; };
		6574B2E923DD61D0005E82DF /* DecideViewCell.swift */ = {isa = PBXFileReference; lastKnownFileType = sourcecode.swift; path = DecideViewCell.swift; sourceTree = "<group>"; };
		657C547D23BA7CE600B32EC6 /* TitleTableViewCell.swift */ = {isa = PBXFileReference; lastKnownFileType = sourcecode.swift; path = TitleTableViewCell.swift; sourceTree = "<group>"; };
		657C548523BA827E00B32EC6 /* EmergencyViewController.swift */ = {isa = PBXFileReference; lastKnownFileType = sourcecode.swift; path = EmergencyViewController.swift; sourceTree = "<group>"; };
		657C548723BA82FF00B32EC6 /* EmergencyView.swift */ = {isa = PBXFileReference; lastKnownFileType = sourcecode.swift; path = EmergencyView.swift; sourceTree = "<group>"; };
		657C548923BA837D00B32EC6 /* DetailEmergencyView.swift */ = {isa = PBXFileReference; lastKnownFileType = sourcecode.swift; path = DetailEmergencyView.swift; sourceTree = "<group>"; };
		6580827D23BCA3650092B0D6 /* Emergency.swift */ = {isa = PBXFileReference; lastKnownFileType = sourcecode.swift; path = Emergency.swift; sourceTree = "<group>"; };
		6580828323BDF3F70092B0D6 /* ProfileVIewController.swift */ = {isa = PBXFileReference; lastKnownFileType = sourcecode.swift; path = ProfileVIewController.swift; sourceTree = "<group>"; };
		6580BEB7232D380500B6C621 /* RegisterViewController.swift */ = {isa = PBXFileReference; lastKnownFileType = sourcecode.swift; path = RegisterViewController.swift; sourceTree = "<group>"; };
		65811B4123B8FB4300351DA9 /* ActivityPageViewController.swift */ = {isa = PBXFileReference; lastKnownFileType = sourcecode.swift; path = ActivityPageViewController.swift; sourceTree = "<group>"; };
		6589100523E174F4007E5DF0 /* TestCheckBoxTableView.swift */ = {isa = PBXFileReference; lastKnownFileType = sourcecode.swift; path = TestCheckBoxTableView.swift; sourceTree = "<group>"; };
		6589100723E17B61007E5DF0 /* TitleTableVIiewCellTest.swift */ = {isa = PBXFileReference; lastKnownFileType = sourcecode.swift; path = TitleTableVIiewCellTest.swift; sourceTree = "<group>"; };
		6589100A23E17E08007E5DF0 /* DiseaseTableViewCell.swift */ = {isa = PBXFileReference; lastKnownFileType = sourcecode.swift; path = DiseaseTableViewCell.swift; sourceTree = "<group>"; };
		6589100C23E17F79007E5DF0 /* ConfirmTableViewCell.swift */ = {isa = PBXFileReference; lastKnownFileType = sourcecode.swift; path = ConfirmTableViewCell.swift; sourceTree = "<group>"; };
		6589100E23E186A8007E5DF0 /* CheckBoxTableViewCell.swift */ = {isa = PBXFileReference; lastKnownFileType = sourcecode.swift; path = CheckBoxTableViewCell.swift; sourceTree = "<group>"; };
		6589101323E204DA007E5DF0 /* ListActTitleType.swift */ = {isa = PBXFileReference; lastKnownFileType = sourcecode.swift; path = ListActTitleType.swift; sourceTree = "<group>"; };
		6589101523E22497007E5DF0 /* TitleFavoriteView.swift */ = {isa = PBXFileReference; lastKnownFileType = sourcecode.swift; path = TitleFavoriteView.swift; sourceTree = "<group>"; };
		6589B41123F828C70047DC9E /* InviteActivityViewController.swift */ = {isa = PBXFileReference; lastKnownFileType = sourcecode.swift; path = InviteActivityViewController.swift; sourceTree = "<group>"; };
		6597D4D823D5A7B200C80C54 /* SNP_TW16.entitlements */ = {isa = PBXFileReference; lastKnownFileType = text.plist.entitlements; path = SNP_TW16.entitlements; sourceTree = "<group>"; };
		659EB1B7232CEF6D00BF433B /* SNP_TW16.app */ = {isa = PBXFileReference; explicitFileType = wrapper.application; includeInIndex = 0; path = SNP_TW16.app; sourceTree = BUILT_PRODUCTS_DIR; };
		659EB1BA232CEF6D00BF433B /* AppDelegate.swift */ = {isa = PBXFileReference; lastKnownFileType = sourcecode.swift; path = AppDelegate.swift; sourceTree = "<group>"; };
		659EB1C1232CEF6E00BF433B /* Assets.xcassets */ = {isa = PBXFileReference; lastKnownFileType = folder.assetcatalog; path = Assets.xcassets; sourceTree = "<group>"; };
		659EB1C4232CEF6E00BF433B /* Base */ = {isa = PBXFileReference; lastKnownFileType = file.storyboard; name = Base; path = Base.lproj/LaunchScreen.storyboard; sourceTree = "<group>"; };
		659EB1C6232CEF6E00BF433B /* Info.plist */ = {isa = PBXFileReference; lastKnownFileType = text.plist.xml; path = Info.plist; sourceTree = "<group>"; };
		659EB1CC232CF05E00BF433B /* Extensions.swift */ = {isa = PBXFileReference; fileEncoding = 4; lastKnownFileType = sourcecode.swift; path = Extensions.swift; sourceTree = "<group>"; };
		659EB1CF232CF06500BF433B /* Poppins-Light.ttf */ = {isa = PBXFileReference; lastKnownFileType = file; path = "Poppins-Light.ttf"; sourceTree = "<group>"; };
		659EB1D0232CF06500BF433B /* Poppins-Medium.ttf */ = {isa = PBXFileReference; lastKnownFileType = file; path = "Poppins-Medium.ttf"; sourceTree = "<group>"; };
		659EB1D1232CF06500BF433B /* Poppins-Regular.ttf */ = {isa = PBXFileReference; lastKnownFileType = file; path = "Poppins-Regular.ttf"; sourceTree = "<group>"; };
		659EB1D2232CF06500BF433B /* Poppins-Bold.ttf */ = {isa = PBXFileReference; lastKnownFileType = file; path = "Poppins-Bold.ttf"; sourceTree = "<group>"; };
		659EB1D3232CF06500BF433B /* Poppins-MediumItalic.ttf */ = {isa = PBXFileReference; lastKnownFileType = file; path = "Poppins-MediumItalic.ttf"; sourceTree = "<group>"; };
		65B0163F23AAF95200EBB76A /* AcivityListTableViewCell.swift */ = {isa = PBXFileReference; lastKnownFileType = sourcecode.swift; path = AcivityListTableViewCell.swift; sourceTree = "<group>"; };
		65B0164323AB152600EBB76A /* Comment.swift */ = {isa = PBXFileReference; lastKnownFileType = sourcecode.swift; path = Comment.swift; sourceTree = "<group>"; };
		65B0164623AB2BCC00EBB76A /* LoginViewController.swift */ = {isa = PBXFileReference; lastKnownFileType = sourcecode.swift; path = LoginViewController.swift; sourceTree = "<group>"; };
		65B0164923AB6C3B00EBB76A /* CreateViewController.swift */ = {isa = PBXFileReference; lastKnownFileType = sourcecode.swift; path = CreateViewController.swift; sourceTree = "<group>"; };
		65B9171623D783F200F13190 /* Relative.swift */ = {isa = PBXFileReference; lastKnownFileType = sourcecode.swift; path = Relative.swift; sourceTree = "<group>"; };
		65B9171823D9A46100F13190 /* CreateRelativeTelView.swift */ = {isa = PBXFileReference; lastKnownFileType = sourcecode.swift; path = CreateRelativeTelView.swift; sourceTree = "<group>"; };
		65B9171A23D9C28500F13190 /* ListRelatuveView.swift */ = {isa = PBXFileReference; lastKnownFileType = sourcecode.swift; path = ListRelatuveView.swift; sourceTree = "<group>"; };
		65BADF5923F2ACBD00DAEAD1 /* editProfileView.swift */ = {isa = PBXFileReference; lastKnownFileType = sourcecode.swift; path = editProfileView.swift; sourceTree = "<group>"; };
		65BDE0BC23D0D7B600266DEF /* ConfirmViewController.swift */ = {isa = PBXFileReference; lastKnownFileType = sourcecode.swift; path = ConfirmViewController.swift; sourceTree = "<group>"; };
		65D0708023DC482E00A41ABA /* grapViewController.swift */ = {isa = PBXFileReference; lastKnownFileType = sourcecode.swift; path = grapViewController.swift; sourceTree = "<group>"; };
		65DB237123DA16ED00E71500 /* ActivityTypeTableViewController.swift */ = {isa = PBXFileReference; lastKnownFileType = sourcecode.swift; path = ActivityTypeTableViewController.swift; sourceTree = "<group>"; };
		65DB237323DA21C300E71500 /* TypeActivityView.swift */ = {isa = PBXFileReference; lastKnownFileType = sourcecode.swift; path = TypeActivityView.swift; sourceTree = "<group>"; };
		65DBB64823E403120081F9BE /* Profile.swift */ = {isa = PBXFileReference; lastKnownFileType = sourcecode.swift; path = Profile.swift; sourceTree = "<group>"; };
		65DBB64A23E423EA0081F9BE /* listFavoriteUserTableView.swift */ = {isa = PBXFileReference; lastKnownFileType = sourcecode.swift; path = listFavoriteUserTableView.swift; sourceTree = "<group>"; };
		65DBB64C23E42A230081F9BE /* listFavoriteViewCell.swift */ = {isa = PBXFileReference; lastKnownFileType = sourcecode.swift; path = listFavoriteViewCell.swift; sourceTree = "<group>"; };
		65DBB64E23E442CF0081F9BE /* titleListActivityViewCell.swift */ = {isa = PBXFileReference; lastKnownFileType = sourcecode.swift; path = titleListActivityViewCell.swift; sourceTree = "<group>"; };
		65DBB65223E447210081F9BE /* titleListPostViewCell.swift */ = {isa = PBXFileReference; lastKnownFileType = sourcecode.swift; path = titleListPostViewCell.swift; sourceTree = "<group>"; };
		65DBB65423E447A90081F9BE /* listPostUserTableView.swift */ = {isa = PBXFileReference; lastKnownFileType = sourcecode.swift; path = listPostUserTableView.swift; sourceTree = "<group>"; };
		65DD3CD923AD45B9008C5EA5 /* SearchTableViewCell.swift */ = {isa = PBXFileReference; lastKnownFileType = sourcecode.swift; path = SearchTableViewCell.swift; sourceTree = "<group>"; };
		65E156D623AA091700CC3856 /* MainActivityViewController.swift */ = {isa = PBXFileReference; lastKnownFileType = sourcecode.swift; path = MainActivityViewController.swift; sourceTree = "<group>"; };
		65E4E09C23BFA99E00D0F108 /* AddTelView.swift */ = {isa = PBXFileReference; lastKnownFileType = sourcecode.swift; path = AddTelView.swift; sourceTree = "<group>"; };
		65F50ACA234F71D8006A1767 /* tabBarViewController.swift */ = {isa = PBXFileReference; lastKnownFileType = sourcecode.swift; path = tabBarViewController.swift; sourceTree = "<group>"; };
		65F50AD1234F9385006A1767 /* CommunViewController.swift */ = {isa = PBXFileReference; lastKnownFileType = sourcecode.swift; path = CommunViewController.swift; sourceTree = "<group>"; };
		7E14348BFF8DCA154FE2B768 /* Pods-SNP_TW16.release.xcconfig */ = {isa = PBXFileReference; includeInIndex = 1; lastKnownFileType = text.xcconfig; name = "Pods-SNP_TW16.release.xcconfig"; path = "Target Support Files/Pods-SNP_TW16/Pods-SNP_TW16.release.xcconfig"; sourceTree = "<group>"; };
		8B2AEEA6278EF2A74B847780 /* Pods-SNP_TW16.debug.xcconfig */ = {isa = PBXFileReference; includeInIndex = 1; lastKnownFileType = text.xcconfig; name = "Pods-SNP_TW16.debug.xcconfig"; path = "Target Support Files/Pods-SNP_TW16/Pods-SNP_TW16.debug.xcconfig"; sourceTree = "<group>"; };
		C583B26937BC0D763C2E1701 /* Pods_SNP_TW16.framework */ = {isa = PBXFileReference; explicitFileType = wrapper.framework; includeInIndex = 0; path = Pods_SNP_TW16.framework; sourceTree = BUILT_PRODUCTS_DIR; };
/* End PBXFileReference section */

/* Begin PBXFrameworksBuildPhase section */
		659EB1B4232CEF6D00BF433B /* Frameworks */ = {
			isa = PBXFrameworksBuildPhase;
			buildActionMask = 2147483647;
			files = (
				6586072317A820DD7F72C621 /* Pods_SNP_TW16.framework in Frameworks */,
			);
			runOnlyForDeploymentPostprocessing = 0;
		};
/* End PBXFrameworksBuildPhase section */

/* Begin PBXGroup section */
		2B5DE3338565FEDA70D2F475 /* Pods */ = {
			isa = PBXGroup;
			children = (
				8B2AEEA6278EF2A74B847780 /* Pods-SNP_TW16.debug.xcconfig */,
				7E14348BFF8DCA154FE2B768 /* Pods-SNP_TW16.release.xcconfig */,
			);
			path = Pods;
			sourceTree = "<group>";
		};
		428ED3EFA9E5FB4E0C4188E5 /* Frameworks */ = {
			isa = PBXGroup;
			children = (
				C583B26937BC0D763C2E1701 /* Pods_SNP_TW16.framework */,
			);
			name = Frameworks;
			sourceTree = "<group>";
		};
		6543824E23CAF2170062399D /* Assess */ = {
			isa = PBXGroup;
			children = (
				6543824F23CAF2260062399D /* Controller */,
			);
			path = Assess;
			sourceTree = "<group>";
		};
		6543824F23CAF2260062399D /* Controller */ = {
			isa = PBXGroup;
			children = (
				6543825023CAF23C0062399D /* AssessAfterController.swift */,
				65BDE0BC23D0D7B600266DEF /* ConfirmViewController.swift */,
				654F378B23C96238009259A3 /* AssessVIewController.swift */,
			);
			path = Controller;
			sourceTree = "<group>";
		};
		655799BB234E503A0047BAC3 /* Sources */ = {
			isa = PBXGroup;
			children = (
				655799BC234E50540047BAC3 /* SwiftSMS */,
			);
			path = Sources;
			sourceTree = "<group>";
		};
		655799E0234F0ECB0047BAC3 /* otp */ = {
			isa = PBXGroup;
			children = (
				6560B4142333F4CC00F53D26 /* MobileOtpViewController.swift */,
				6560B41123332EFF00F53D26 /* OtpViewController.swift */,
			);
			path = otp;
			sourceTree = "<group>";
		};
		655799E1234F0EE20047BAC3 /* Register */ = {
			isa = PBXGroup;
			children = (
				6589101023E1A301007E5DF0 /* Model */,
				6589100923E17B66007E5DF0 /* View */,
				6589100423E174C5007E5DF0 /* CheckBox */,
				6580BEB7232D380500B6C621 /* RegisterViewController.swift */,
				652DDEE523A9BB2B00AF79D3 /* RecordViewController.swift */,
				652DDEE723A9C91900AF79D3 /* ImpressViewController.swift */,
			);
			path = Register;
			sourceTree = "<group>";
		};
		6574B2E723DD61B6005E82DF /* Test */ = {
			isa = PBXGroup;
			children = (
				6574B2E923DD61D0005E82DF /* DecideViewCell.swift */,
			);
			path = Test;
			sourceTree = "<group>";
		};
		657C547F23BA817400B32EC6 /* Emergency */ = {
			isa = PBXGroup;
			children = (
				657C548223BA81A200B32EC6 /* Controller */,
				657C548123BA819C00B32EC6 /* Model */,
				657C548023BA818F00B32EC6 /* View */,
			);
			path = Emergency;
			sourceTree = "<group>";
		};
		657C548023BA818F00B32EC6 /* View */ = {
			isa = PBXGroup;
			children = (
				657C548723BA82FF00B32EC6 /* EmergencyView.swift */,
				657C548923BA837D00B32EC6 /* DetailEmergencyView.swift */,
				65E4E09C23BFA99E00D0F108 /* AddTelView.swift */,
				65B9171823D9A46100F13190 /* CreateRelativeTelView.swift */,
				65B9171A23D9C28500F13190 /* ListRelatuveView.swift */,
			);
			path = View;
			sourceTree = "<group>";
		};
		657C548123BA819C00B32EC6 /* Model */ = {
			isa = PBXGroup;
			children = (
				6580827D23BCA3650092B0D6 /* Emergency.swift */,
				65B9171623D783F200F13190 /* Relative.swift */,
			);
			path = Model;
			sourceTree = "<group>";
		};
		657C548223BA81A200B32EC6 /* Controller */ = {
			isa = PBXGroup;
			children = (
				657C548523BA827E00B32EC6 /* EmergencyViewController.swift */,
			);
			path = Controller;
			sourceTree = "<group>";
		};
		6580827F23BDF11F0092B0D6 /* Profile */ = {
			isa = PBXGroup;
			children = (
				6580828223BDF1360092B0D6 /* Controller */,
				6580828123BDF1310092B0D6 /* View */,
				6580828023BDF12B0092B0D6 /* Model */,
			);
			path = Profile;
			sourceTree = "<group>";
		};
		6580828023BDF12B0092B0D6 /* Model */ = {
			isa = PBXGroup;
			children = (
				65DBB64823E403120081F9BE /* Profile.swift */,
			);
			path = Model;
			sourceTree = "<group>";
		};
		6580828123BDF1310092B0D6 /* View */ = {
			isa = PBXGroup;
			children = (
				65DBB65423E447A90081F9BE /* listPostUserTableView.swift */,
				65DBB64A23E423EA0081F9BE /* listFavoriteUserTableView.swift */,
				65DBB64C23E42A230081F9BE /* listFavoriteViewCell.swift */,
				65DBB64E23E442CF0081F9BE /* titleListActivityViewCell.swift */,
				65DBB65223E447210081F9BE /* titleListPostViewCell.swift */,
				65BADF5923F2ACBD00DAEAD1 /* editProfileView.swift */,
				6589B41123F828C70047DC9E /* InviteActivityViewController.swift */,
			);
			path = View;
			sourceTree = "<group>";
		};
		6580828223BDF1360092B0D6 /* Controller */ = {
			isa = PBXGroup;
			children = (
				6580828323BDF3F70092B0D6 /* ProfileVIewController.swift */,
			);
			path = Controller;
			sourceTree = "<group>";
		};
		6589100423E174C5007E5DF0 /* CheckBox */ = {
			isa = PBXGroup;
			children = (
				6589100523E174F4007E5DF0 /* TestCheckBoxTableView.swift */,
			);
			path = CheckBox;
			sourceTree = "<group>";
		};
		6589100923E17B66007E5DF0 /* View */ = {
			isa = PBXGroup;
			children = (
				6589100723E17B61007E5DF0 /* TitleTableVIiewCellTest.swift */,
				6589100A23E17E08007E5DF0 /* DiseaseTableViewCell.swift */,
				6589100E23E186A8007E5DF0 /* CheckBoxTableViewCell.swift */,
				6589100C23E17F79007E5DF0 /* ConfirmTableViewCell.swift */,
				6589101523E22497007E5DF0 /* TitleFavoriteView.swift */,
			);
			path = View;
			sourceTree = "<group>";
		};
		6589101023E1A301007E5DF0 /* Model */ = {
			isa = PBXGroup;
			children = (
				6589101323E204DA007E5DF0 /* ListActTitleType.swift */,
			);
			path = Model;
			sourceTree = "<group>";
		};
		659EB1AE232CEF6D00BF433B = {
			isa = PBXGroup;
			children = (
				659EB1B9232CEF6D00BF433B /* SNP_TW16 */,
				659EB1B8232CEF6D00BF433B /* Products */,
				2B5DE3338565FEDA70D2F475 /* Pods */,
				428ED3EFA9E5FB4E0C4188E5 /* Frameworks */,
			);
			sourceTree = "<group>";
		};
		659EB1B8232CEF6D00BF433B /* Products */ = {
			isa = PBXGroup;
			children = (
				659EB1B7232CEF6D00BF433B /* SNP_TW16.app */,
			);
			name = Products;
			sourceTree = "<group>";
		};
		659EB1B9232CEF6D00BF433B /* SNP_TW16 */ = {
			isa = PBXGroup;
			children = (
				65D0707F23DC47FA00A41ABA /* graphics  */,
				6597D4D823D5A7B200C80C54 /* SNP_TW16.entitlements */,
				65B0164523AB2BBB00EBB76A /* Login */,
				655799E0234F0ECB0047BAC3 /* otp */,
				655799E1234F0EE20047BAC3 /* Register */,
				65B0163423AA7C8B00EBB76A /* Activity */,
				65B0163D23AAF93100EBB76A /* Community */,
				657C547F23BA817400B32EC6 /* Emergency */,
				6580827F23BDF11F0092B0D6 /* Profile */,
				65F50AC9234F71B4006A1767 /* TarBar */,
				655799BB234E503A0047BAC3 /* Sources */,
				659EB1CE232CF06500BF433B /* Fonts */,
				659EB1BA232CEF6D00BF433B /* AppDelegate.swift */,
				659EB1C1232CEF6E00BF433B /* Assets.xcassets */,
				659EB1C3232CEF6E00BF433B /* LaunchScreen.storyboard */,
				659EB1C6232CEF6E00BF433B /* Info.plist */,
				659EB1CC232CF05E00BF433B /* Extensions.swift */,
			);
			path = SNP_TW16;
			sourceTree = "<group>";
		};
		659EB1CE232CF06500BF433B /* Fonts */ = {
			isa = PBXGroup;
			children = (
				659EB1CF232CF06500BF433B /* Poppins-Light.ttf */,
				659EB1D0232CF06500BF433B /* Poppins-Medium.ttf */,
				659EB1D1232CF06500BF433B /* Poppins-Regular.ttf */,
				659EB1D2232CF06500BF433B /* Poppins-Bold.ttf */,
				659EB1D3232CF06500BF433B /* Poppins-MediumItalic.ttf */,
			);
			path = Fonts;
			sourceTree = "<group>";
		};
		65B0163423AA7C8B00EBB76A /* Activity */ = {
			isa = PBXGroup;
			children = (
				6574B2E723DD61B6005E82DF /* Test */,
				6543824E23CAF2170062399D /* Assess */,
				65DD3CD623AD429D008C5EA5 /* Controller */,
				65DD3CD523AD4292008C5EA5 /* View */,
				65DD3CD423AD4289008C5EA5 /* Model */,
			);
			path = Activity;
			sourceTree = "<group>";
		};
		65B0163D23AAF93100EBB76A /* Community */ = {
			isa = PBXGroup;
			children = (
				65B0164823AB6C1300EBB76A /* CreateActivity */,
				65B0164223AB150300EBB76A /* Model */,
				65B0164123AAFE0D00EBB76A /* Controller */,
				65B0163E23AAF93F00EBB76A /* View */,
			);
			path = Community;
			sourceTree = "<group>";
		};
		65B0163E23AAF93F00EBB76A /* View */ = {
			isa = PBXGroup;
			children = (
				65B0163F23AAF95200EBB76A /* AcivityListTableViewCell.swift */,
				6506942723ACC5E700A045E6 /* DetailActivityViewController.swift */,
				65811B4123B8FB4300351DA9 /* ActivityPageViewController.swift */,
				654F379823C9A1F9009259A3 /* CommentTableView.swift */,
			);
			path = View;
			sourceTree = "<group>";
		};
		65B0164123AAFE0D00EBB76A /* Controller */ = {
			isa = PBXGroup;
			children = (
				65F50AD1234F9385006A1767 /* CommunViewController.swift */,
				654F379623C9976B009259A3 /* InsideViewController.swift */,
				6564EE5623EECE2000FB9400 /* InputCommentViewController.swift */,
			);
			path = Controller;
			sourceTree = "<group>";
		};
		65B0164223AB150300EBB76A /* Model */ = {
			isa = PBXGroup;
			children = (
				65B0164323AB152600EBB76A /* Comment.swift */,
				6535A3F523CD6A8A0005027F /* Community.swift */,
			);
			path = Model;
			sourceTree = "<group>";
		};
		65B0164523AB2BBB00EBB76A /* Login */ = {
			isa = PBXGroup;
			children = (
				65B0164623AB2BCC00EBB76A /* LoginViewController.swift */,
			);
			path = Login;
			sourceTree = "<group>";
		};
		65B0164823AB6C1300EBB76A /* CreateActivity */ = {
			isa = PBXGroup;
			children = (
				65B0164923AB6C3B00EBB76A /* CreateViewController.swift */,
			);
			path = CreateActivity;
			sourceTree = "<group>";
		};
		65D0707F23DC47FA00A41ABA /* graphics  */ = {
			isa = PBXGroup;
			children = (
				65D0708423DC48B500A41ABA /* Controller */,
				65D0708323DC48A700A41ABA /* Model */,
				65D0708223DC48A300A41ABA /* View */,
			);
			path = "graphics ";
			sourceTree = "<group>";
		};
		65D0708223DC48A300A41ABA /* View */ = {
			isa = PBXGroup;
			children = (
				65D0708023DC482E00A41ABA /* grapViewController.swift */,
			);
			path = View;
			sourceTree = "<group>";
		};
		65D0708323DC48A700A41ABA /* Model */ = {
			isa = PBXGroup;
			children = (
				6574B2E323DD4246005E82DF /* layoutTableViewCell.swift */,
			);
			path = Model;
			sourceTree = "<group>";
		};
		65D0708423DC48B500A41ABA /* Controller */ = {
			isa = PBXGroup;
			children = (
			);
			path = Controller;
			sourceTree = "<group>";
		};
		65DD3CD423AD4289008C5EA5 /* Model */ = {
			isa = PBXGroup;
			children = (
				6543825223CB3A030062399D /* ActivityType.swift */,
			);
			path = Model;
			sourceTree = "<group>";
		};
		65DD3CD523AD4292008C5EA5 /* View */ = {
			isa = PBXGroup;
			children = (
				65DD3CD923AD45B9008C5EA5 /* SearchTableViewCell.swift */,
				657C547D23BA7CE600B32EC6 /* TitleTableViewCell.swift */,
				654E850923C1007E001E2508 /* HeaderActivity.swift */,
				6508F0DF23C272D00034F355 /* ActivityHeaderViewCell.swift */,
				65DB237323DA21C300E71500 /* TypeActivityView.swift */,
			);
			path = View;
			sourceTree = "<group>";
		};
		65DD3CD623AD429D008C5EA5 /* Controller */ = {
			isa = PBXGroup;
			children = (
				65E156D623AA091700CC3856 /* MainActivityViewController.swift */,
				65DB237123DA16ED00E71500 /* ActivityTypeTableViewController.swift */,
				654936A723C1CDF600B190A1 /* SubActivityTypeTableViewController.swift */,
				654936A923C1EAA000B190A1 /* ContentActivityViewController.swift */,
				6574B2E523DD6113005E82DF /* DecideViewController.swift */,
			);
			path = Controller;
			sourceTree = "<group>";
		};
		65F50AC9234F71B4006A1767 /* TarBar */ = {
			isa = PBXGroup;
			children = (
				65F50ACA234F71D8006A1767 /* tabBarViewController.swift */,
			);
			path = TarBar;
			sourceTree = "<group>";
		};
/* End PBXGroup section */

/* Begin PBXNativeTarget section */
		659EB1B6232CEF6D00BF433B /* SNP_TW16 */ = {
			isa = PBXNativeTarget;
			buildConfigurationList = 659EB1C9232CEF6E00BF433B /* Build configuration list for PBXNativeTarget "SNP_TW16" */;
			buildPhases = (
				AC88F1330D2AF8BFAF63CB95 /* [CP] Check Pods Manifest.lock */,
				659EB1B3232CEF6D00BF433B /* Sources */,
				659EB1B4232CEF6D00BF433B /* Frameworks */,
				659EB1B5232CEF6D00BF433B /* Resources */,
				C85C8C3DFCDBB5863D4A1268 /* [CP] Embed Pods Frameworks */,
			);
			buildRules = (
			);
			dependencies = (
			);
			name = SNP_TW16;
			productName = SNP_TW16;
			productReference = 659EB1B7232CEF6D00BF433B /* SNP_TW16.app */;
			productType = "com.apple.product-type.application";
		};
/* End PBXNativeTarget section */

/* Begin PBXProject section */
		659EB1AF232CEF6D00BF433B /* Project object */ = {
			isa = PBXProject;
			attributes = {
				LastSwiftUpdateCheck = 1030;
				LastUpgradeCheck = 1030;
				ORGANIZATIONNAME = guide;
				TargetAttributes = {
					659EB1B6232CEF6D00BF433B = {
						CreatedOnToolsVersion = 10.3;
					};
				};
			};
			buildConfigurationList = 659EB1B2232CEF6D00BF433B /* Build configuration list for PBXProject "SNP_TW16" */;
			compatibilityVersion = "Xcode 9.3";
			developmentRegion = en;
			hasScannedForEncodings = 0;
			knownRegions = (
				en,
				Base,
			);
			mainGroup = 659EB1AE232CEF6D00BF433B;
			productRefGroup = 659EB1B8232CEF6D00BF433B /* Products */;
			projectDirPath = "";
			projectRoot = "";
			targets = (
				659EB1B6232CEF6D00BF433B /* SNP_TW16 */,
			);
		};
/* End PBXProject section */

/* Begin PBXResourcesBuildPhase section */
		659EB1B5232CEF6D00BF433B /* Resources */ = {
			isa = PBXResourcesBuildPhase;
			buildActionMask = 2147483647;
			files = (
				659EB1C5232CEF6E00BF433B /* LaunchScreen.storyboard in Resources */,
				659EB1D7232CF06500BF433B /* Poppins-Bold.ttf in Resources */,
				659EB1D5232CF06500BF433B /* Poppins-Medium.ttf in Resources */,
				659EB1D4232CF06500BF433B /* Poppins-Light.ttf in Resources */,
				659EB1C2232CEF6E00BF433B /* Assets.xcassets in Resources */,
				659EB1D8232CF06500BF433B /* Poppins-MediumItalic.ttf in Resources */,
				659EB1D6232CF06500BF433B /* Poppins-Regular.ttf in Resources */,
			);
			runOnlyForDeploymentPostprocessing = 0;
		};
/* End PBXResourcesBuildPhase section */

/* Begin PBXShellScriptBuildPhase section */
		AC88F1330D2AF8BFAF63CB95 /* [CP] Check Pods Manifest.lock */ = {
			isa = PBXShellScriptBuildPhase;
			buildActionMask = 2147483647;
			files = (
			);
			inputFileListPaths = (
			);
			inputPaths = (
				"${PODS_PODFILE_DIR_PATH}/Podfile.lock",
				"${PODS_ROOT}/Manifest.lock",
			);
			name = "[CP] Check Pods Manifest.lock";
			outputFileListPaths = (
			);
			outputPaths = (
				"$(DERIVED_FILE_DIR)/Pods-SNP_TW16-checkManifestLockResult.txt",
			);
			runOnlyForDeploymentPostprocessing = 0;
			shellPath = /bin/sh;
			shellScript = "diff \"${PODS_PODFILE_DIR_PATH}/Podfile.lock\" \"${PODS_ROOT}/Manifest.lock\" > /dev/null\nif [ $? != 0 ] ; then\n    # print error to STDERR\n    echo \"error: The sandbox is not in sync with the Podfile.lock. Run 'pod install' or update your CocoaPods installation.\" >&2\n    exit 1\nfi\n# This output is used by Xcode 'outputs' to avoid re-running this script phase.\necho \"SUCCESS\" > \"${SCRIPT_OUTPUT_FILE_0}\"\n";
			showEnvVarsInLog = 0;
		};
		C85C8C3DFCDBB5863D4A1268 /* [CP] Embed Pods Frameworks */ = {
			isa = PBXShellScriptBuildPhase;
			buildActionMask = 2147483647;
			files = (
			);
			inputFileListPaths = (
				"${PODS_ROOT}/Target Support Files/Pods-SNP_TW16/Pods-SNP_TW16-frameworks-${CONFIGURATION}-input-files.xcfilelist",
			);
			name = "[CP] Embed Pods Frameworks";
			outputFileListPaths = (
				"${PODS_ROOT}/Target Support Files/Pods-SNP_TW16/Pods-SNP_TW16-frameworks-${CONFIGURATION}-output-files.xcfilelist",
			);
			runOnlyForDeploymentPostprocessing = 0;
			shellPath = /bin/sh;
			shellScript = "\"${PODS_ROOT}/Target Support Files/Pods-SNP_TW16/Pods-SNP_TW16-frameworks.sh\"\n";
			showEnvVarsInLog = 0;
		};
/* End PBXShellScriptBuildPhase section */

/* Begin PBXSourcesBuildPhase section */
		659EB1B3232CEF6D00BF433B /* Sources */ = {
			isa = PBXSourcesBuildPhase;
			buildActionMask = 2147483647;
			files = (
				6589B41223F828C70047DC9E /* InviteActivityViewController.swift in Sources */,
				6543825323CB3A030062399D /* ActivityType.swift in Sources */,
				657C548823BA82FF00B32EC6 /* EmergencyView.swift in Sources */,
				6506942823ACC5E700A045E6 /* DetailActivityViewController.swift in Sources */,
				6574B2EA23DD61D0005E82DF /* DecideViewCell.swift in Sources */,
				65B0164023AAF95200EBB76A /* AcivityListTableViewCell.swift in Sources */,
				654F378C23C96238009259A3 /* AssessVIewController.swift in Sources */,
				65B0164423AB152600EBB76A /* Comment.swift in Sources */,
				654E850A23C1007E001E2508 /* HeaderActivity.swift in Sources */,
				659EB1CD232CF05E00BF433B /* Extensions.swift in Sources */,
				65DD3CDA23AD45B9008C5EA5 /* SearchTableViewCell.swift in Sources */,
				65BDE0BD23D0D7B600266DEF /* ConfirmViewController.swift in Sources */,
				65DBB65323E447210081F9BE /* titleListPostViewCell.swift in Sources */,
				6589101423E204DA007E5DF0 /* ListActTitleType.swift in Sources */,
				65D0708123DC482E00A41ABA /* grapViewController.swift in Sources */,
				65B0164A23AB6C3B00EBB76A /* CreateViewController.swift in Sources */,
				65DB237223DA16ED00E71500 /* ActivityTypeTableViewController.swift in Sources */,
				6589100623E174F4007E5DF0 /* TestCheckBoxTableView.swift in Sources */,
				65E4E09D23BFA99E00D0F108 /* AddTelView.swift in Sources */,
				6560B4152333F4CC00F53D26 /* MobileOtpViewController.swift in Sources */,
				65DBB64F23E442CF0081F9BE /* titleListActivityViewCell.swift in Sources */,
				65BADF5A23F2ACBD00DAEAD1 /* editProfileView.swift in Sources */,
				654F379723C9976B009259A3 /* InsideViewController.swift in Sources */,
				65B0164723AB2BCC00EBB76A /* LoginViewController.swift in Sources */,
				6589101623E22498007E5DF0 /* TitleFavoriteView.swift in Sources */,
				654936A823C1CDF600B190A1 /* SubActivityTypeTableViewController.swift in Sources */,
				6543825123CAF23C0062399D /* AssessAfterController.swift in Sources */,
				65F50AD2234F9385006A1767 /* CommunViewController.swift in Sources */,
				654F379923C9A1F9009259A3 /* CommentTableView.swift in Sources */,
				65DBB65523E447A90081F9BE /* listPostUserTableView.swift in Sources */,
				657C548623BA827E00B32EC6 /* EmergencyViewController.swift in Sources */,
				6589100823E17B61007E5DF0 /* TitleTableVIiewCellTest.swift in Sources */,
				6589100B23E17E08007E5DF0 /* DiseaseTableViewCell.swift in Sources */,
				65DBB64B23E423EA0081F9BE /* listFavoriteUserTableView.swift in Sources */,
				659EB1BB232CEF6D00BF433B /* AppDelegate.swift in Sources */,
				657C547E23BA7CE600B32EC6 /* TitleTableViewCell.swift in Sources */,
				6580827E23BCA3650092B0D6 /* Emergency.swift in Sources */,
				65B9171723D783F200F13190 /* Relative.swift in Sources */,
				6574B2E623DD6113005E82DF /* DecideViewController.swift in Sources */,
				6535A3F623CD6A8A0005027F /* Community.swift in Sources */,
				6564EE5723EECE2100FB9400 /* InputCommentViewController.swift in Sources */,
				65DB237423DA21C300E71500 /* TypeActivityView.swift in Sources */,
				6589100F23E186A8007E5DF0 /* CheckBoxTableViewCell.swift in Sources */,
				65F50ACB234F71D8006A1767 /* tabBarViewController.swift in Sources */,
				6508F0E023C272D00034F355 /* ActivityHeaderViewCell.swift in Sources */,
				65DBB64923E403120081F9BE /* Profile.swift in Sources */,
				6580828423BDF3F70092B0D6 /* ProfileVIewController.swift in Sources */,
				657C548A23BA837D00B32EC6 /* DetailEmergencyView.swift in Sources */,
				6574B2E423DD4246005E82DF /* layoutTableViewCell.swift in Sources */,
				654936AA23C1EAA000B190A1 /* ContentActivityViewController.swift in Sources */,
				6589100D23E17F79007E5DF0 /* ConfirmTableViewCell.swift in Sources */,
				6560B41223332EFF00F53D26 /* OtpViewController.swift in Sources */,
				65E156D723AA091700CC3856 /* MainActivityViewController.swift in Sources */,
				652DDEE823A9C91900AF79D3 /* ImpressViewController.swift in Sources */,
				65811B4223B8FB4300351DA9 /* ActivityPageViewController.swift in Sources */,
				65B9171B23D9C28500F13190 /* ListRelatuveView.swift in Sources */,
				652DDEE623A9BB2B00AF79D3 /* RecordViewController.swift in Sources */,
				65B9171923D9A46100F13190 /* CreateRelativeTelView.swift in Sources */,
				6580BEB8232D380500B6C621 /* RegisterViewController.swift in Sources */,
				65DBB64D23E42A230081F9BE /* listFavoriteViewCell.swift in Sources */,
			);
			runOnlyForDeploymentPostprocessing = 0;
		};
/* End PBXSourcesBuildPhase section */

/* Begin PBXVariantGroup section */
		659EB1C3232CEF6E00BF433B /* LaunchScreen.storyboard */ = {
			isa = PBXVariantGroup;
			children = (
				659EB1C4232CEF6E00BF433B /* Base */,
			);
			name = LaunchScreen.storyboard;
			sourceTree = "<group>";
		};
/* End PBXVariantGroup section */

/* Begin XCBuildConfiguration section */
		659EB1C7232CEF6E00BF433B /* Debug */ = {
			isa = XCBuildConfiguration;
			buildSettings = {
				ALWAYS_SEARCH_USER_PATHS = NO;
				CLANG_ANALYZER_NONNULL = YES;
				CLANG_ANALYZER_NUMBER_OBJECT_CONVERSION = YES_AGGRESSIVE;
				CLANG_CXX_LANGUAGE_STANDARD = "gnu++14";
				CLANG_CXX_LIBRARY = "libc++";
				CLANG_ENABLE_MODULES = YES;
				CLANG_ENABLE_OBJC_ARC = YES;
				CLANG_ENABLE_OBJC_WEAK = YES;
				CLANG_WARN_BLOCK_CAPTURE_AUTORELEASING = YES;
				CLANG_WARN_BOOL_CONVERSION = YES;
				CLANG_WARN_COMMA = YES;
				CLANG_WARN_CONSTANT_CONVERSION = YES;
				CLANG_WARN_DEPRECATED_OBJC_IMPLEMENTATIONS = YES;
				CLANG_WARN_DIRECT_OBJC_ISA_USAGE = YES_ERROR;
				CLANG_WARN_DOCUMENTATION_COMMENTS = YES;
				CLANG_WARN_EMPTY_BODY = YES;
				CLANG_WARN_ENUM_CONVERSION = YES;
				CLANG_WARN_INFINITE_RECURSION = YES;
				CLANG_WARN_INT_CONVERSION = YES;
				CLANG_WARN_NON_LITERAL_NULL_CONVERSION = YES;
				CLANG_WARN_OBJC_IMPLICIT_RETAIN_SELF = YES;
				CLANG_WARN_OBJC_LITERAL_CONVERSION = YES;
				CLANG_WARN_OBJC_ROOT_CLASS = YES_ERROR;
				CLANG_WARN_RANGE_LOOP_ANALYSIS = YES;
				CLANG_WARN_STRICT_PROTOTYPES = YES;
				CLANG_WARN_SUSPICIOUS_MOVE = YES;
				CLANG_WARN_UNGUARDED_AVAILABILITY = YES_AGGRESSIVE;
				CLANG_WARN_UNREACHABLE_CODE = YES;
				CLANG_WARN__DUPLICATE_METHOD_MATCH = YES;
				CODE_SIGN_IDENTITY = "iPhone Developer";
				COPY_PHASE_STRIP = NO;
				DEBUG_INFORMATION_FORMAT = dwarf;
				ENABLE_STRICT_OBJC_MSGSEND = YES;
				ENABLE_TESTABILITY = YES;
				GCC_C_LANGUAGE_STANDARD = gnu11;
				GCC_DYNAMIC_NO_PIC = NO;
				GCC_NO_COMMON_BLOCKS = YES;
				GCC_OPTIMIZATION_LEVEL = 0;
				GCC_PREPROCESSOR_DEFINITIONS = (
					"DEBUG=1",
					"$(inherited)",
				);
				GCC_WARN_64_TO_32_BIT_CONVERSION = YES;
				GCC_WARN_ABOUT_RETURN_TYPE = YES_ERROR;
				GCC_WARN_UNDECLARED_SELECTOR = YES;
				GCC_WARN_UNINITIALIZED_AUTOS = YES_AGGRESSIVE;
				GCC_WARN_UNUSED_FUNCTION = YES;
				GCC_WARN_UNUSED_VARIABLE = YES;
				IPHONEOS_DEPLOYMENT_TARGET = 12.4;
				MTL_ENABLE_DEBUG_INFO = INCLUDE_SOURCE;
				MTL_FAST_MATH = YES;
				ONLY_ACTIVE_ARCH = YES;
				SDKROOT = iphoneos;
				SWIFT_ACTIVE_COMPILATION_CONDITIONS = DEBUG;
				SWIFT_OPTIMIZATION_LEVEL = "-Onone";
			};
			name = Debug;
		};
		659EB1C8232CEF6E00BF433B /* Release */ = {
			isa = XCBuildConfiguration;
			buildSettings = {
				ALWAYS_SEARCH_USER_PATHS = NO;
				CLANG_ANALYZER_NONNULL = YES;
				CLANG_ANALYZER_NUMBER_OBJECT_CONVERSION = YES_AGGRESSIVE;
				CLANG_CXX_LANGUAGE_STANDARD = "gnu++14";
				CLANG_CXX_LIBRARY = "libc++";
				CLANG_ENABLE_MODULES = YES;
				CLANG_ENABLE_OBJC_ARC = YES;
				CLANG_ENABLE_OBJC_WEAK = YES;
				CLANG_WARN_BLOCK_CAPTURE_AUTORELEASING = YES;
				CLANG_WARN_BOOL_CONVERSION = YES;
				CLANG_WARN_COMMA = YES;
				CLANG_WARN_CONSTANT_CONVERSION = YES;
				CLANG_WARN_DEPRECATED_OBJC_IMPLEMENTATIONS = YES;
				CLANG_WARN_DIRECT_OBJC_ISA_USAGE = YES_ERROR;
				CLANG_WARN_DOCUMENTATION_COMMENTS = YES;
				CLANG_WARN_EMPTY_BODY = YES;
				CLANG_WARN_ENUM_CONVERSION = YES;
				CLANG_WARN_INFINITE_RECURSION = YES;
				CLANG_WARN_INT_CONVERSION = YES;
				CLANG_WARN_NON_LITERAL_NULL_CONVERSION = YES;
				CLANG_WARN_OBJC_IMPLICIT_RETAIN_SELF = YES;
				CLANG_WARN_OBJC_LITERAL_CONVERSION = YES;
				CLANG_WARN_OBJC_ROOT_CLASS = YES_ERROR;
				CLANG_WARN_RANGE_LOOP_ANALYSIS = YES;
				CLANG_WARN_STRICT_PROTOTYPES = YES;
				CLANG_WARN_SUSPICIOUS_MOVE = YES;
				CLANG_WARN_UNGUARDED_AVAILABILITY = YES_AGGRESSIVE;
				CLANG_WARN_UNREACHABLE_CODE = YES;
				CLANG_WARN__DUPLICATE_METHOD_MATCH = YES;
				CODE_SIGN_IDENTITY = "iPhone Developer";
				COPY_PHASE_STRIP = NO;
				DEBUG_INFORMATION_FORMAT = "dwarf-with-dsym";
				ENABLE_NS_ASSERTIONS = NO;
				ENABLE_STRICT_OBJC_MSGSEND = YES;
				GCC_C_LANGUAGE_STANDARD = gnu11;
				GCC_NO_COMMON_BLOCKS = YES;
				GCC_WARN_64_TO_32_BIT_CONVERSION = YES;
				GCC_WARN_ABOUT_RETURN_TYPE = YES_ERROR;
				GCC_WARN_UNDECLARED_SELECTOR = YES;
				GCC_WARN_UNINITIALIZED_AUTOS = YES_AGGRESSIVE;
				GCC_WARN_UNUSED_FUNCTION = YES;
				GCC_WARN_UNUSED_VARIABLE = YES;
				IPHONEOS_DEPLOYMENT_TARGET = 12.4;
				MTL_ENABLE_DEBUG_INFO = NO;
				MTL_FAST_MATH = YES;
				SDKROOT = iphoneos;
				SWIFT_COMPILATION_MODE = wholemodule;
				SWIFT_OPTIMIZATION_LEVEL = "-O";
				VALIDATE_PRODUCT = YES;
			};
			name = Release;
		};
		659EB1CA232CEF6E00BF433B /* Debug */ = {
			isa = XCBuildConfiguration;
			baseConfigurationReference = 8B2AEEA6278EF2A74B847780 /* Pods-SNP_TW16.debug.xcconfig */;
			buildSettings = {
				ASSETCATALOG_COMPILER_APPICON_NAME = AppIcon;
				CODE_SIGN_ENTITLEMENTS = SNP_TW16/SNP_TW16.entitlements;
				CODE_SIGN_STYLE = Automatic;
				DEVELOPMENT_TEAM = G3Z6Q26APU;
				INFOPLIST_FILE = SNP_TW16/Info.plist;
				IPHONEOS_DEPLOYMENT_TARGET = 12.1;
				LD_RUNPATH_SEARCH_PATHS = (
					"$(inherited)",
					"@executable_path/Frameworks",
				);
				PRODUCT_BUNDLE_IDENTIFIER = com.pongsakorn.Alder;
				PRODUCT_NAME = "$(TARGET_NAME)";
				SWIFT_VERSION = 5.0;
				TARGETED_DEVICE_FAMILY = 1;
			};
			name = Debug;
		};
		659EB1CB232CEF6E00BF433B /* Release */ = {
			isa = XCBuildConfiguration;
			baseConfigurationReference = 7E14348BFF8DCA154FE2B768 /* Pods-SNP_TW16.release.xcconfig */;
			buildSettings = {
				ASSETCATALOG_COMPILER_APPICON_NAME = AppIcon;
				CODE_SIGN_ENTITLEMENTS = SNP_TW16/SNP_TW16.entitlements;
				CODE_SIGN_STYLE = Automatic;
				DEVELOPMENT_TEAM = G3Z6Q26APU;
				INFOPLIST_FILE = SNP_TW16/Info.plist;
				IPHONEOS_DEPLOYMENT_TARGET = 12.1;
				LD_RUNPATH_SEARCH_PATHS = (
					"$(inherited)",
					"@executable_path/Frameworks",
				);
				PRODUCT_BUNDLE_IDENTIFIER = com.pongsakorn.Alder;
				PRODUCT_NAME = "$(TARGET_NAME)";
				SWIFT_VERSION = 5.0;
				TARGETED_DEVICE_FAMILY = 1;
			};
			name = Release;
		};
/* End XCBuildConfiguration section */

/* Begin XCConfigurationList section */
		659EB1B2232CEF6D00BF433B /* Build configuration list for PBXProject "SNP_TW16" */ = {
			isa = XCConfigurationList;
			buildConfigurations = (
				659EB1C7232CEF6E00BF433B /* Debug */,
				659EB1C8232CEF6E00BF433B /* Release */,
			);
			defaultConfigurationIsVisible = 0;
			defaultConfigurationName = Release;
		};
		659EB1C9232CEF6E00BF433B /* Build configuration list for PBXNativeTarget "SNP_TW16" */ = {
			isa = XCConfigurationList;
			buildConfigurations = (
				659EB1CA232CEF6E00BF433B /* Debug */,
				659EB1CB232CEF6E00BF433B /* Release */,
			);
			defaultConfigurationIsVisible = 0;
			defaultConfigurationName = Release;
		};
/* End XCConfigurationList section */
	};
	rootObject = 659EB1AF232CEF6D00BF433B /* Project object */;
}
